// !$*UTF8*$!
{
	archiveVersion = 1;
	classes = {
	};
	objectVersion = 46;
	objects = {

/* Begin PBXBuildFile section */
		0A06178C1545FD690030915F /* QuartzCore.framework in Frameworks */ = {isa = PBXBuildFile; fileRef = 0A06178B1545FD690030915F /* QuartzCore.framework */; };
		0A06178E1545FD690030915F /* OpenGLES.framework in Frameworks */ = {isa = PBXBuildFile; fileRef = 0A06178D1545FD690030915F /* OpenGLES.framework */; };
		0A0617901545FD690030915F /* OpenAL.framework in Frameworks */ = {isa = PBXBuildFile; fileRef = 0A06178F1545FD690030915F /* OpenAL.framework */; };
		0A0617921545FD690030915F /* AudioToolbox.framework in Frameworks */ = {isa = PBXBuildFile; fileRef = 0A0617911545FD690030915F /* AudioToolbox.framework */; };
		0A0617941545FD690030915F /* AVFoundation.framework in Frameworks */ = {isa = PBXBuildFile; fileRef = 0A0617931545FD690030915F /* AVFoundation.framework */; };
		0A0617961545FD690030915F /* UIKit.framework in Frameworks */ = {isa = PBXBuildFile; fileRef = 0A0617951545FD690030915F /* UIKit.framework */; };
		0A0617981545FD690030915F /* Foundation.framework in Frameworks */ = {isa = PBXBuildFile; fileRef = 0A0617971545FD690030915F /* Foundation.framework */; };
		0A06179A1545FD690030915F /* CoreGraphics.framework in Frameworks */ = {isa = PBXBuildFile; fileRef = 0A0617991545FD690030915F /* CoreGraphics.framework */; };
		0A06179E1545FD690030915F /* Default.png in Resources */ = {isa = PBXBuildFile; fileRef = 0A06179D1545FD690030915F /* Default.png */; };
		0A0617A01545FD690030915F /* fps_images.png in Resources */ = {isa = PBXBuildFile; fileRef = 0A06179F1545FD690030915F /* fps_images.png */; };
		0A0617A21545FD690030915F /* Icon-72.png in Resources */ = {isa = PBXBuildFile; fileRef = 0A0617A11545FD690030915F /* Icon-72.png */; };
		0A0617A41545FD690030915F /* Icon-Small-50.png in Resources */ = {isa = PBXBuildFile; fileRef = 0A0617A31545FD690030915F /* Icon-Small-50.png */; };
		0A0617A61545FD690030915F /* Icon-Small.png in Resources */ = {isa = PBXBuildFile; fileRef = 0A0617A51545FD690030915F /* Icon-Small.png */; };
		0A0617A81545FD690030915F /* Icon-Small@2x.png in Resources */ = {isa = PBXBuildFile; fileRef = 0A0617A71545FD690030915F /* Icon-Small@2x.png */; };
		0A0617AA1545FD690030915F /* Icon.png in Resources */ = {isa = PBXBuildFile; fileRef = 0A0617A91545FD690030915F /* Icon.png */; };
		0A0617AC1545FD690030915F /* Icon@2x.png in Resources */ = {isa = PBXBuildFile; fileRef = 0A0617AB1545FD690030915F /* Icon@2x.png */; };
		0A0617AF1545FD690030915F /* iTunesArtwork in Resources */ = {isa = PBXBuildFile; fileRef = 0A0617AE1545FD690030915F /* iTunesArtwork */; };
		0A0617B41545FD690030915F /* CCAction.m in Sources */ = {isa = PBXBuildFile; fileRef = 0A0617B31545FD690030915F /* CCAction.m */; };
		0A0617B71545FD6A0030915F /* CCActionCamera.m in Sources */ = {isa = PBXBuildFile; fileRef = 0A0617B61545FD6A0030915F /* CCActionCamera.m */; };
		0A0617BA1545FD6A0030915F /* CCActionEase.m in Sources */ = {isa = PBXBuildFile; fileRef = 0A0617B91545FD6A0030915F /* CCActionEase.m */; };
		0A0617BD1545FD6A0030915F /* CCActionGrid.m in Sources */ = {isa = PBXBuildFile; fileRef = 0A0617BC1545FD6A0030915F /* CCActionGrid.m */; };
		0A0617C01545FD6A0030915F /* CCActionGrid3D.m in Sources */ = {isa = PBXBuildFile; fileRef = 0A0617BF1545FD6A0030915F /* CCActionGrid3D.m */; };
		0A0617C31545FD6A0030915F /* CCActionInstant.m in Sources */ = {isa = PBXBuildFile; fileRef = 0A0617C21545FD6A0030915F /* CCActionInstant.m */; };
		0A0617C61545FD6A0030915F /* CCActionInterval.m in Sources */ = {isa = PBXBuildFile; fileRef = 0A0617C51545FD6A0030915F /* CCActionInterval.m */; };
		0A0617C91545FD6A0030915F /* CCActionManager.m in Sources */ = {isa = PBXBuildFile; fileRef = 0A0617C81545FD6A0030915F /* CCActionManager.m */; };
		0A0617CC1545FD6A0030915F /* CCActionPageTurn3D.m in Sources */ = {isa = PBXBuildFile; fileRef = 0A0617CB1545FD6A0030915F /* CCActionPageTurn3D.m */; };
		0A0617CF1545FD6A0030915F /* CCActionProgressTimer.m in Sources */ = {isa = PBXBuildFile; fileRef = 0A0617CE1545FD6A0030915F /* CCActionProgressTimer.m */; };
		0A0617D21545FD6A0030915F /* CCActionTiledGrid.m in Sources */ = {isa = PBXBuildFile; fileRef = 0A0617D11545FD6A0030915F /* CCActionTiledGrid.m */; };
		0A0617D51545FD6A0030915F /* CCActionTween.m in Sources */ = {isa = PBXBuildFile; fileRef = 0A0617D41545FD6A0030915F /* CCActionTween.m */; };
		0A0617D81545FD6A0030915F /* CCAnimation.m in Sources */ = {isa = PBXBuildFile; fileRef = 0A0617D71545FD6A0030915F /* CCAnimation.m */; };
		0A0617DB1545FD6A0030915F /* CCAnimationCache.m in Sources */ = {isa = PBXBuildFile; fileRef = 0A0617DA1545FD6A0030915F /* CCAnimationCache.m */; };
		0A0617DE1545FD6A0030915F /* CCAtlasNode.m in Sources */ = {isa = PBXBuildFile; fileRef = 0A0617DD1545FD6A0030915F /* CCAtlasNode.m */; };
		0A0617E11545FD6A0030915F /* CCBlockSupport.m in Sources */ = {isa = PBXBuildFile; fileRef = 0A0617E01545FD6A0030915F /* CCBlockSupport.m */; };
		0A0617E41545FD6A0030915F /* CCCamera.m in Sources */ = {isa = PBXBuildFile; fileRef = 0A0617E31545FD6A0030915F /* CCCamera.m */; };
		0A0617E81545FD6A0030915F /* CCConfiguration.m in Sources */ = {isa = PBXBuildFile; fileRef = 0A0617E71545FD6A0030915F /* CCConfiguration.m */; };
		0A0617EB1545FD6A0030915F /* CCDirector.m in Sources */ = {isa = PBXBuildFile; fileRef = 0A0617EA1545FD6A0030915F /* CCDirector.m */; };
		0A0617EE1545FD6A0030915F /* CCDrawingPrimitives.m in Sources */ = {isa = PBXBuildFile; fileRef = 0A0617ED1545FD6A0030915F /* CCDrawingPrimitives.m */; };
		0A0617F11545FD6A0030915F /* CCGrabber.m in Sources */ = {isa = PBXBuildFile; fileRef = 0A0617F01545FD6A0030915F /* CCGrabber.m */; };
		0A0617F41545FD6A0030915F /* CCGrid.m in Sources */ = {isa = PBXBuildFile; fileRef = 0A0617F31545FD6A0030915F /* CCGrid.m */; };
		0A0617F71545FD6A0030915F /* CCLabelAtlas.m in Sources */ = {isa = PBXBuildFile; fileRef = 0A0617F61545FD6A0030915F /* CCLabelAtlas.m */; };
		0A0617FA1545FD6A0030915F /* CCLabelBMFont.m in Sources */ = {isa = PBXBuildFile; fileRef = 0A0617F91545FD6A0030915F /* CCLabelBMFont.m */; };
		0A0617FD1545FD6A0030915F /* CCLabelTTF.m in Sources */ = {isa = PBXBuildFile; fileRef = 0A0617FC1545FD6A0030915F /* CCLabelTTF.m */; };
		0A0618001545FD6A0030915F /* CCLayer.m in Sources */ = {isa = PBXBuildFile; fileRef = 0A0617FF1545FD6A0030915F /* CCLayer.m */; };
		0A0618041545FD6A0030915F /* CCMenu.m in Sources */ = {isa = PBXBuildFile; fileRef = 0A0618031545FD6A0030915F /* CCMenu.m */; };
		0A0618071545FD6A0030915F /* CCMenuItem.m in Sources */ = {isa = PBXBuildFile; fileRef = 0A0618061545FD6A0030915F /* CCMenuItem.m */; };
		0A06180A1545FD6A0030915F /* CCMotionStreak.m in Sources */ = {isa = PBXBuildFile; fileRef = 0A0618091545FD6A0030915F /* CCMotionStreak.m */; };
		0A06180D1545FD6A0030915F /* CCNode.m in Sources */ = {isa = PBXBuildFile; fileRef = 0A06180C1545FD6A0030915F /* CCNode.m */; };
		0A0618101545FD6A0030915F /* CCParallaxNode.m in Sources */ = {isa = PBXBuildFile; fileRef = 0A06180F1545FD6A0030915F /* CCParallaxNode.m */; };
		0A0618131545FD6A0030915F /* CCParticleExamples.m in Sources */ = {isa = PBXBuildFile; fileRef = 0A0618121545FD6A0030915F /* CCParticleExamples.m */; };
		0A0618161545FD6B0030915F /* CCParticleSystem.m in Sources */ = {isa = PBXBuildFile; fileRef = 0A0618151545FD6B0030915F /* CCParticleSystem.m */; };
		0A0618191545FD6B0030915F /* CCParticleSystemPoint.m in Sources */ = {isa = PBXBuildFile; fileRef = 0A0618181545FD6B0030915F /* CCParticleSystemPoint.m */; };
		0A06181C1545FD6B0030915F /* CCParticleSystemQuad.m in Sources */ = {isa = PBXBuildFile; fileRef = 0A06181B1545FD6B0030915F /* CCParticleSystemQuad.m */; };
		0A06181F1545FD6B0030915F /* CCProgressTimer.m in Sources */ = {isa = PBXBuildFile; fileRef = 0A06181E1545FD6B0030915F /* CCProgressTimer.m */; };
		0A0618231545FD6B0030915F /* CCRenderTexture.m in Sources */ = {isa = PBXBuildFile; fileRef = 0A0618221545FD6B0030915F /* CCRenderTexture.m */; };
		0A0618261545FD6B0030915F /* CCRibbon.m in Sources */ = {isa = PBXBuildFile; fileRef = 0A0618251545FD6B0030915F /* CCRibbon.m */; };
		0A0618291545FD6B0030915F /* CCScene.m in Sources */ = {isa = PBXBuildFile; fileRef = 0A0618281545FD6B0030915F /* CCScene.m */; };
		0A06182C1545FD6B0030915F /* CCScheduler.m in Sources */ = {isa = PBXBuildFile; fileRef = 0A06182B1545FD6B0030915F /* CCScheduler.m */; };
		0A06182F1545FD6B0030915F /* CCSprite.m in Sources */ = {isa = PBXBuildFile; fileRef = 0A06182E1545FD6B0030915F /* CCSprite.m */; };
		0A0618321545FD6B0030915F /* CCSpriteBatchNode.m in Sources */ = {isa = PBXBuildFile; fileRef = 0A0618311545FD6B0030915F /* CCSpriteBatchNode.m */; };
		0A0618351545FD6B0030915F /* CCSpriteFrame.m in Sources */ = {isa = PBXBuildFile; fileRef = 0A0618341545FD6B0030915F /* CCSpriteFrame.m */; };
		0A0618381545FD6B0030915F /* CCSpriteFrameCache.m in Sources */ = {isa = PBXBuildFile; fileRef = 0A0618371545FD6B0030915F /* CCSpriteFrameCache.m */; };
		0A06183B1545FD6B0030915F /* CCTexture2D.m in Sources */ = {isa = PBXBuildFile; fileRef = 0A06183A1545FD6B0030915F /* CCTexture2D.m */; };
		0A06183E1545FD6B0030915F /* CCTextureAtlas.m in Sources */ = {isa = PBXBuildFile; fileRef = 0A06183D1545FD6B0030915F /* CCTextureAtlas.m */; };
		0A0618411545FD6B0030915F /* CCTextureCache.m in Sources */ = {isa = PBXBuildFile; fileRef = 0A0618401545FD6B0030915F /* CCTextureCache.m */; };
		0A0618441545FD6B0030915F /* CCTexturePVR.m in Sources */ = {isa = PBXBuildFile; fileRef = 0A0618431545FD6B0030915F /* CCTexturePVR.m */; };
		0A0618471545FD6B0030915F /* CCTileMapAtlas.m in Sources */ = {isa = PBXBuildFile; fileRef = 0A0618461545FD6B0030915F /* CCTileMapAtlas.m */; };
		0A06184A1545FD6B0030915F /* CCTMXLayer.m in Sources */ = {isa = PBXBuildFile; fileRef = 0A0618491545FD6B0030915F /* CCTMXLayer.m */; };
		0A06184D1545FD6B0030915F /* CCTMXObjectGroup.m in Sources */ = {isa = PBXBuildFile; fileRef = 0A06184C1545FD6B0030915F /* CCTMXObjectGroup.m */; };
		0A0618501545FD6B0030915F /* CCTMXTiledMap.m in Sources */ = {isa = PBXBuildFile; fileRef = 0A06184F1545FD6B0030915F /* CCTMXTiledMap.m */; };
		0A0618531545FD6B0030915F /* CCTMXXMLParser.m in Sources */ = {isa = PBXBuildFile; fileRef = 0A0618521545FD6B0030915F /* CCTMXXMLParser.m */; };
		0A0618561545FD6B0030915F /* CCTransition.m in Sources */ = {isa = PBXBuildFile; fileRef = 0A0618551545FD6B0030915F /* CCTransition.m */; };
		0A0618591545FD6B0030915F /* CCTransitionPageTurn.m in Sources */ = {isa = PBXBuildFile; fileRef = 0A0618581545FD6B0030915F /* CCTransitionPageTurn.m */; };
		0A06185C1545FD6B0030915F /* CCTransitionRadial.m in Sources */ = {isa = PBXBuildFile; fileRef = 0A06185B1545FD6B0030915F /* CCTransitionRadial.m */; };
		0A0618601545FD6B0030915F /* cocos2d.m in Sources */ = {isa = PBXBuildFile; fileRef = 0A06185F1545FD6B0030915F /* cocos2d.m */; };
		0A0618671545FD6B0030915F /* CCDirectorIOS.m in Sources */ = {isa = PBXBuildFile; fileRef = 0A0618661545FD6B0030915F /* CCDirectorIOS.m */; };
		0A06186B1545FD6B0030915F /* CCTouchDispatcher.m in Sources */ = {isa = PBXBuildFile; fileRef = 0A06186A1545FD6B0030915F /* CCTouchDispatcher.m */; };
		0A06186E1545FD6B0030915F /* CCTouchHandler.m in Sources */ = {isa = PBXBuildFile; fileRef = 0A06186D1545FD6B0030915F /* CCTouchHandler.m */; };
		0A0618711545FD6B0030915F /* EAGLView.m in Sources */ = {isa = PBXBuildFile; fileRef = 0A0618701545FD6B0030915F /* EAGLView.m */; };
		0A0618741545FD6B0030915F /* ES1Renderer.m in Sources */ = {isa = PBXBuildFile; fileRef = 0A0618731545FD6B0030915F /* ES1Renderer.m */; };
		0A0618771545FD6B0030915F /* glu.c in Sources */ = {isa = PBXBuildFile; fileRef = 0A0618761545FD6B0030915F /* glu.c */; };
		0A06187C1545FD6C0030915F /* CCDirectorMac.m in Sources */ = {isa = PBXBuildFile; fileRef = 0A06187B1545FD6C0030915F /* CCDirectorMac.m */; };
		0A06187F1545FD6C0030915F /* CCEventDispatcher.m in Sources */ = {isa = PBXBuildFile; fileRef = 0A06187E1545FD6C0030915F /* CCEventDispatcher.m */; };
		0A0618821545FD6C0030915F /* MacGLView.m in Sources */ = {isa = PBXBuildFile; fileRef = 0A0618811545FD6C0030915F /* MacGLView.m */; };
		0A0618851545FD6C0030915F /* MacWindow.m in Sources */ = {isa = PBXBuildFile; fileRef = 0A0618841545FD6C0030915F /* MacWindow.m */; };
		0A0618881545FD6C0030915F /* base64.c in Sources */ = {isa = PBXBuildFile; fileRef = 0A0618871545FD6C0030915F /* base64.c */; };
		0A06188C1545FD6C0030915F /* CCArray.m in Sources */ = {isa = PBXBuildFile; fileRef = 0A06188B1545FD6C0030915F /* CCArray.m */; };
		0A0618901545FD6C0030915F /* CCFileUtils.m in Sources */ = {isa = PBXBuildFile; fileRef = 0A06188F1545FD6C0030915F /* CCFileUtils.m */; };
		0A0618931545FD6C0030915F /* CCProfiling.m in Sources */ = {isa = PBXBuildFile; fileRef = 0A0618921545FD6C0030915F /* CCProfiling.m */; };
		0A0618951545FD6C0030915F /* ccUtils.c in Sources */ = {isa = PBXBuildFile; fileRef = 0A0618941545FD6C0030915F /* ccUtils.c */; };
		0A0618991545FD6C0030915F /* CGPointExtension.m in Sources */ = {isa = PBXBuildFile; fileRef = 0A0618981545FD6C0030915F /* CGPointExtension.m */; };
		0A06189D1545FD6C0030915F /* TGAlib.m in Sources */ = {isa = PBXBuildFile; fileRef = 0A06189C1545FD6C0030915F /* TGAlib.m */; };
		0A0618A01545FD6C0030915F /* TransformUtils.m in Sources */ = {isa = PBXBuildFile; fileRef = 0A06189F1545FD6C0030915F /* TransformUtils.m */; };
		0A0618A51545FD6C0030915F /* ZipUtils.m in Sources */ = {isa = PBXBuildFile; fileRef = 0A0618A41545FD6C0030915F /* ZipUtils.m */; };
		0A0618AA1545FD6C0030915F /* CDAudioManager.m in Sources */ = {isa = PBXBuildFile; fileRef = 0A0618A91545FD6C0030915F /* CDAudioManager.m */; };
		0A0618AE1545FD6C0030915F /* CDOpenALSupport.m in Sources */ = {isa = PBXBuildFile; fileRef = 0A0618AD1545FD6C0030915F /* CDOpenALSupport.m */; };
		0A0618B11545FD6C0030915F /* CocosDenshion.m in Sources */ = {isa = PBXBuildFile; fileRef = 0A0618B01545FD6C0030915F /* CocosDenshion.m */; };
		0A0618B41545FD6C0030915F /* SimpleAudioEngine.m in Sources */ = {isa = PBXBuildFile; fileRef = 0A0618B31545FD6C0030915F /* SimpleAudioEngine.m */; };
		0A0618B91545FD6C0030915F /* CLScoreServerPost.m in Sources */ = {isa = PBXBuildFile; fileRef = 0A0618B81545FD6C0030915F /* CLScoreServerPost.m */; };
		0A0618BC1545FD6C0030915F /* CLScoreServerRequest.m in Sources */ = {isa = PBXBuildFile; fileRef = 0A0618BB1545FD6C0030915F /* CLScoreServerRequest.m */; };
		0A0618BF1545FD6C0030915F /* cocoslive.m in Sources */ = {isa = PBXBuildFile; fileRef = 0A0618BE1545FD6C0030915F /* cocoslive.m */; };
		0A0618C41545FD6C0030915F /* CDataScanner.m in Sources */ = {isa = PBXBuildFile; fileRef = 0A0618C31545FD6C0030915F /* CDataScanner.m */; };
		0A0618C81545FD6C0030915F /* CDataScanner_Extensions.m in Sources */ = {isa = PBXBuildFile; fileRef = 0A0618C71545FD6C0030915F /* CDataScanner_Extensions.m */; };
		0A0618CB1545FD6C0030915F /* NSDictionary_JSONExtensions.m in Sources */ = {isa = PBXBuildFile; fileRef = 0A0618CA1545FD6C0030915F /* NSDictionary_JSONExtensions.m */; };
		0A0618CF1545FD6C0030915F /* CJSONDeserializer.m in Sources */ = {isa = PBXBuildFile; fileRef = 0A0618CE1545FD6C0030915F /* CJSONDeserializer.m */; };
		0A0618D21545FD6C0030915F /* CJSONScanner.m in Sources */ = {isa = PBXBuildFile; fileRef = 0A0618D11545FD6C0030915F /* CJSONScanner.m */; };
		0A0618D51545FD6C0030915F /* CJSONSerializer.m in Sources */ = {isa = PBXBuildFile; fileRef = 0A0618D41545FD6C0030915F /* CJSONSerializer.m */; };
		0A0618DA1545FD6C0030915F /* FontLabel.m in Sources */ = {isa = PBXBuildFile; fileRef = 0A0618D91545FD6C0030915F /* FontLabel.m */; };
		0A0618DD1545FD6C0030915F /* FontLabelStringDrawing.m in Sources */ = {isa = PBXBuildFile; fileRef = 0A0618DC1545FD6C0030915F /* FontLabelStringDrawing.m */; };
		0A0618E01545FD6C0030915F /* FontManager.m in Sources */ = {isa = PBXBuildFile; fileRef = 0A0618DF1545FD6C0030915F /* FontManager.m */; };
		0A0618E31545FD6D0030915F /* ZAttributedString.m in Sources */ = {isa = PBXBuildFile; fileRef = 0A0618E21545FD6D0030915F /* ZAttributedString.m */; };
		0A0618E71545FD6D0030915F /* ZFont.m in Sources */ = {isa = PBXBuildFile; fileRef = 0A0618E61545FD6D0030915F /* ZFont.m */; };
		0A0618EC1545FD6D0030915F /* main.m in Sources */ = {isa = PBXBuildFile; fileRef = 0A0618EB1545FD6D0030915F /* main.m */; };
		0A0618EF1545FD6D0030915F /* AppDelegate.m in Sources */ = {isa = PBXBuildFile; fileRef = 0A0618EE1545FD6D0030915F /* AppDelegate.m */; };
		0A0618F21545FD6D0030915F /* RootViewController.m in Sources */ = {isa = PBXBuildFile; fileRef = 0A0618F11545FD6D0030915F /* RootViewController.m */; };
		0A0618F51545FD6D0030915F /* HelloWorldLayer.m in Sources */ = {isa = PBXBuildFile; fileRef = 0A0618F41545FD6D0030915F /* HelloWorldLayer.m */; };
		0A243D16155AF8930003E8AB /* block1.png in Resources */ = {isa = PBXBuildFile; fileRef = 0A243D15155AF8930003E8AB /* block1.png */; };
		0A243D18155AF8FE0003E8AB /* block2.png in Resources */ = {isa = PBXBuildFile; fileRef = 0A243D17155AF8FE0003E8AB /* block2.png */; };
		0A243D20155B09250003E8AB /* paddle.png in Resources */ = {isa = PBXBuildFile; fileRef = 0A243D1F155B09250003E8AB /* paddle.png */; };
/* End PBXBuildFile section */

/* Begin PBXFileReference section */
		0A0617871545FD690030915F /* Ponkanoid.app */ = {isa = PBXFileReference; explicitFileType = wrapper.application; includeInIndex = 0; path = Ponkanoid.app; sourceTree = BUILT_PRODUCTS_DIR; };
		0A06178B1545FD690030915F /* QuartzCore.framework */ = {isa = PBXFileReference; lastKnownFileType = wrapper.framework; name = QuartzCore.framework; path = System/Library/Frameworks/QuartzCore.framework; sourceTree = SDKROOT; };
		0A06178D1545FD690030915F /* OpenGLES.framework */ = {isa = PBXFileReference; lastKnownFileType = wrapper.framework; name = OpenGLES.framework; path = System/Library/Frameworks/OpenGLES.framework; sourceTree = SDKROOT; };
		0A06178F1545FD690030915F /* OpenAL.framework */ = {isa = PBXFileReference; lastKnownFileType = wrapper.framework; name = OpenAL.framework; path = System/Library/Frameworks/OpenAL.framework; sourceTree = SDKROOT; };
		0A0617911545FD690030915F /* AudioToolbox.framework */ = {isa = PBXFileReference; lastKnownFileType = wrapper.framework; name = AudioToolbox.framework; path = System/Library/Frameworks/AudioToolbox.framework; sourceTree = SDKROOT; };
		0A0617931545FD690030915F /* AVFoundation.framework */ = {isa = PBXFileReference; lastKnownFileType = wrapper.framework; name = AVFoundation.framework; path = System/Library/Frameworks/AVFoundation.framework; sourceTree = SDKROOT; };
		0A0617951545FD690030915F /* UIKit.framework */ = {isa = PBXFileReference; lastKnownFileType = wrapper.framework; name = UIKit.framework; path = System/Library/Frameworks/UIKit.framework; sourceTree = SDKROOT; };
		0A0617971545FD690030915F /* Foundation.framework */ = {isa = PBXFileReference; lastKnownFileType = wrapper.framework; name = Foundation.framework; path = System/Library/Frameworks/Foundation.framework; sourceTree = SDKROOT; };
		0A0617991545FD690030915F /* CoreGraphics.framework */ = {isa = PBXFileReference; lastKnownFileType = wrapper.framework; name = CoreGraphics.framework; path = System/Library/Frameworks/CoreGraphics.framework; sourceTree = SDKROOT; };
		0A06179D1545FD690030915F /* Default.png */ = {isa = PBXFileReference; lastKnownFileType = image.png; name = Default.png; path = Resources/Default.png; sourceTree = "<group>"; };
		0A06179F1545FD690030915F /* fps_images.png */ = {isa = PBXFileReference; lastKnownFileType = image.png; name = fps_images.png; path = Resources/fps_images.png; sourceTree = "<group>"; };
		0A0617A11545FD690030915F /* Icon-72.png */ = {isa = PBXFileReference; lastKnownFileType = image.png; name = "Icon-72.png"; path = "Resources/Icon-72.png"; sourceTree = "<group>"; };
		0A0617A31545FD690030915F /* Icon-Small-50.png */ = {isa = PBXFileReference; lastKnownFileType = image.png; name = "Icon-Small-50.png"; path = "Resources/Icon-Small-50.png"; sourceTree = "<group>"; };
		0A0617A51545FD690030915F /* Icon-Small.png */ = {isa = PBXFileReference; lastKnownFileType = image.png; name = "Icon-Small.png"; path = "Resources/Icon-Small.png"; sourceTree = "<group>"; };
		0A0617A71545FD690030915F /* Icon-Small@2x.png */ = {isa = PBXFileReference; lastKnownFileType = image.png; name = "Icon-Small@2x.png"; path = "Resources/Icon-Small@2x.png"; sourceTree = "<group>"; };
		0A0617A91545FD690030915F /* Icon.png */ = {isa = PBXFileReference; lastKnownFileType = image.png; name = Icon.png; path = Resources/Icon.png; sourceTree = "<group>"; };
		0A0617AB1545FD690030915F /* Icon@2x.png */ = {isa = PBXFileReference; lastKnownFileType = image.png; name = "Icon@2x.png"; path = "Resources/Icon@2x.png"; sourceTree = "<group>"; };
		0A0617AD1545FD690030915F /* Info.plist */ = {isa = PBXFileReference; lastKnownFileType = text.plist.xml; name = Info.plist; path = Resources/Info.plist; sourceTree = "<group>"; };
		0A0617AE1545FD690030915F /* iTunesArtwork */ = {isa = PBXFileReference; lastKnownFileType = file; name = iTunesArtwork; path = Resources/iTunesArtwork; sourceTree = "<group>"; };
		0A0617B21545FD690030915F /* CCAction.h */ = {isa = PBXFileReference; lastKnownFileType = sourcecode.c.h; name = CCAction.h; path = libs/cocos2d/CCAction.h; sourceTree = "<group>"; };
		0A0617B31545FD690030915F /* CCAction.m */ = {isa = PBXFileReference; lastKnownFileType = sourcecode.c.objc; name = CCAction.m; path = libs/cocos2d/CCAction.m; sourceTree = "<group>"; };
		0A0617B51545FD6A0030915F /* CCActionCamera.h */ = {isa = PBXFileReference; lastKnownFileType = sourcecode.c.h; name = CCActionCamera.h; path = libs/cocos2d/CCActionCamera.h; sourceTree = "<group>"; };
		0A0617B61545FD6A0030915F /* CCActionCamera.m */ = {isa = PBXFileReference; lastKnownFileType = sourcecode.c.objc; name = CCActionCamera.m; path = libs/cocos2d/CCActionCamera.m; sourceTree = "<group>"; };
		0A0617B81545FD6A0030915F /* CCActionEase.h */ = {isa = PBXFileReference; lastKnownFileType = sourcecode.c.h; name = CCActionEase.h; path = libs/cocos2d/CCActionEase.h; sourceTree = "<group>"; };
		0A0617B91545FD6A0030915F /* CCActionEase.m */ = {isa = PBXFileReference; lastKnownFileType = sourcecode.c.objc; name = CCActionEase.m; path = libs/cocos2d/CCActionEase.m; sourceTree = "<group>"; };
		0A0617BB1545FD6A0030915F /* CCActionGrid.h */ = {isa = PBXFileReference; lastKnownFileType = sourcecode.c.h; name = CCActionGrid.h; path = libs/cocos2d/CCActionGrid.h; sourceTree = "<group>"; };
		0A0617BC1545FD6A0030915F /* CCActionGrid.m */ = {isa = PBXFileReference; lastKnownFileType = sourcecode.c.objc; name = CCActionGrid.m; path = libs/cocos2d/CCActionGrid.m; sourceTree = "<group>"; };
		0A0617BE1545FD6A0030915F /* CCActionGrid3D.h */ = {isa = PBXFileReference; lastKnownFileType = sourcecode.c.h; name = CCActionGrid3D.h; path = libs/cocos2d/CCActionGrid3D.h; sourceTree = "<group>"; };
		0A0617BF1545FD6A0030915F /* CCActionGrid3D.m */ = {isa = PBXFileReference; lastKnownFileType = sourcecode.c.objc; name = CCActionGrid3D.m; path = libs/cocos2d/CCActionGrid3D.m; sourceTree = "<group>"; };
		0A0617C11545FD6A0030915F /* CCActionInstant.h */ = {isa = PBXFileReference; lastKnownFileType = sourcecode.c.h; name = CCActionInstant.h; path = libs/cocos2d/CCActionInstant.h; sourceTree = "<group>"; };
		0A0617C21545FD6A0030915F /* CCActionInstant.m */ = {isa = PBXFileReference; lastKnownFileType = sourcecode.c.objc; name = CCActionInstant.m; path = libs/cocos2d/CCActionInstant.m; sourceTree = "<group>"; };
		0A0617C41545FD6A0030915F /* CCActionInterval.h */ = {isa = PBXFileReference; lastKnownFileType = sourcecode.c.h; name = CCActionInterval.h; path = libs/cocos2d/CCActionInterval.h; sourceTree = "<group>"; };
		0A0617C51545FD6A0030915F /* CCActionInterval.m */ = {isa = PBXFileReference; lastKnownFileType = sourcecode.c.objc; name = CCActionInterval.m; path = libs/cocos2d/CCActionInterval.m; sourceTree = "<group>"; };
		0A0617C71545FD6A0030915F /* CCActionManager.h */ = {isa = PBXFileReference; lastKnownFileType = sourcecode.c.h; name = CCActionManager.h; path = libs/cocos2d/CCActionManager.h; sourceTree = "<group>"; };
		0A0617C81545FD6A0030915F /* CCActionManager.m */ = {isa = PBXFileReference; lastKnownFileType = sourcecode.c.objc; name = CCActionManager.m; path = libs/cocos2d/CCActionManager.m; sourceTree = "<group>"; };
		0A0617CA1545FD6A0030915F /* CCActionPageTurn3D.h */ = {isa = PBXFileReference; lastKnownFileType = sourcecode.c.h; name = CCActionPageTurn3D.h; path = libs/cocos2d/CCActionPageTurn3D.h; sourceTree = "<group>"; };
		0A0617CB1545FD6A0030915F /* CCActionPageTurn3D.m */ = {isa = PBXFileReference; lastKnownFileType = sourcecode.c.objc; name = CCActionPageTurn3D.m; path = libs/cocos2d/CCActionPageTurn3D.m; sourceTree = "<group>"; };
		0A0617CD1545FD6A0030915F /* CCActionProgressTimer.h */ = {isa = PBXFileReference; lastKnownFileType = sourcecode.c.h; name = CCActionProgressTimer.h; path = libs/cocos2d/CCActionProgressTimer.h; sourceTree = "<group>"; };
		0A0617CE1545FD6A0030915F /* CCActionProgressTimer.m */ = {isa = PBXFileReference; lastKnownFileType = sourcecode.c.objc; name = CCActionProgressTimer.m; path = libs/cocos2d/CCActionProgressTimer.m; sourceTree = "<group>"; };
		0A0617D01545FD6A0030915F /* CCActionTiledGrid.h */ = {isa = PBXFileReference; lastKnownFileType = sourcecode.c.h; name = CCActionTiledGrid.h; path = libs/cocos2d/CCActionTiledGrid.h; sourceTree = "<group>"; };
		0A0617D11545FD6A0030915F /* CCActionTiledGrid.m */ = {isa = PBXFileReference; lastKnownFileType = sourcecode.c.objc; name = CCActionTiledGrid.m; path = libs/cocos2d/CCActionTiledGrid.m; sourceTree = "<group>"; };
		0A0617D31545FD6A0030915F /* CCActionTween.h */ = {isa = PBXFileReference; lastKnownFileType = sourcecode.c.h; name = CCActionTween.h; path = libs/cocos2d/CCActionTween.h; sourceTree = "<group>"; };
		0A0617D41545FD6A0030915F /* CCActionTween.m */ = {isa = PBXFileReference; lastKnownFileType = sourcecode.c.objc; name = CCActionTween.m; path = libs/cocos2d/CCActionTween.m; sourceTree = "<group>"; };
		0A0617D61545FD6A0030915F /* CCAnimation.h */ = {isa = PBXFileReference; lastKnownFileType = sourcecode.c.h; name = CCAnimation.h; path = libs/cocos2d/CCAnimation.h; sourceTree = "<group>"; };
		0A0617D71545FD6A0030915F /* CCAnimation.m */ = {isa = PBXFileReference; lastKnownFileType = sourcecode.c.objc; name = CCAnimation.m; path = libs/cocos2d/CCAnimation.m; sourceTree = "<group>"; };
		0A0617D91545FD6A0030915F /* CCAnimationCache.h */ = {isa = PBXFileReference; lastKnownFileType = sourcecode.c.h; name = CCAnimationCache.h; path = libs/cocos2d/CCAnimationCache.h; sourceTree = "<group>"; };
		0A0617DA1545FD6A0030915F /* CCAnimationCache.m */ = {isa = PBXFileReference; lastKnownFileType = sourcecode.c.objc; name = CCAnimationCache.m; path = libs/cocos2d/CCAnimationCache.m; sourceTree = "<group>"; };
		0A0617DC1545FD6A0030915F /* CCAtlasNode.h */ = {isa = PBXFileReference; lastKnownFileType = sourcecode.c.h; name = CCAtlasNode.h; path = libs/cocos2d/CCAtlasNode.h; sourceTree = "<group>"; };
		0A0617DD1545FD6A0030915F /* CCAtlasNode.m */ = {isa = PBXFileReference; lastKnownFileType = sourcecode.c.objc; name = CCAtlasNode.m; path = libs/cocos2d/CCAtlasNode.m; sourceTree = "<group>"; };
		0A0617DF1545FD6A0030915F /* CCBlockSupport.h */ = {isa = PBXFileReference; lastKnownFileType = sourcecode.c.h; name = CCBlockSupport.h; path = libs/cocos2d/CCBlockSupport.h; sourceTree = "<group>"; };
		0A0617E01545FD6A0030915F /* CCBlockSupport.m */ = {isa = PBXFileReference; lastKnownFileType = sourcecode.c.objc; name = CCBlockSupport.m; path = libs/cocos2d/CCBlockSupport.m; sourceTree = "<group>"; };
		0A0617E21545FD6A0030915F /* CCCamera.h */ = {isa = PBXFileReference; lastKnownFileType = sourcecode.c.h; name = CCCamera.h; path = libs/cocos2d/CCCamera.h; sourceTree = "<group>"; };
		0A0617E31545FD6A0030915F /* CCCamera.m */ = {isa = PBXFileReference; lastKnownFileType = sourcecode.c.objc; name = CCCamera.m; path = libs/cocos2d/CCCamera.m; sourceTree = "<group>"; };
		0A0617E51545FD6A0030915F /* ccConfig.h */ = {isa = PBXFileReference; lastKnownFileType = sourcecode.c.h; name = ccConfig.h; path = libs/cocos2d/ccConfig.h; sourceTree = "<group>"; };
		0A0617E61545FD6A0030915F /* CCConfiguration.h */ = {isa = PBXFileReference; lastKnownFileType = sourcecode.c.h; name = CCConfiguration.h; path = libs/cocos2d/CCConfiguration.h; sourceTree = "<group>"; };
		0A0617E71545FD6A0030915F /* CCConfiguration.m */ = {isa = PBXFileReference; lastKnownFileType = sourcecode.c.objc; name = CCConfiguration.m; path = libs/cocos2d/CCConfiguration.m; sourceTree = "<group>"; };
		0A0617E91545FD6A0030915F /* CCDirector.h */ = {isa = PBXFileReference; lastKnownFileType = sourcecode.c.h; name = CCDirector.h; path = libs/cocos2d/CCDirector.h; sourceTree = "<group>"; };
		0A0617EA1545FD6A0030915F /* CCDirector.m */ = {isa = PBXFileReference; lastKnownFileType = sourcecode.c.objc; name = CCDirector.m; path = libs/cocos2d/CCDirector.m; sourceTree = "<group>"; };
		0A0617EC1545FD6A0030915F /* CCDrawingPrimitives.h */ = {isa = PBXFileReference; lastKnownFileType = sourcecode.c.h; name = CCDrawingPrimitives.h; path = libs/cocos2d/CCDrawingPrimitives.h; sourceTree = "<group>"; };
		0A0617ED1545FD6A0030915F /* CCDrawingPrimitives.m */ = {isa = PBXFileReference; lastKnownFileType = sourcecode.c.objc; name = CCDrawingPrimitives.m; path = libs/cocos2d/CCDrawingPrimitives.m; sourceTree = "<group>"; };
		0A0617EF1545FD6A0030915F /* CCGrabber.h */ = {isa = PBXFileReference; lastKnownFileType = sourcecode.c.h; name = CCGrabber.h; path = libs/cocos2d/CCGrabber.h; sourceTree = "<group>"; };
		0A0617F01545FD6A0030915F /* CCGrabber.m */ = {isa = PBXFileReference; lastKnownFileType = sourcecode.c.objc; name = CCGrabber.m; path = libs/cocos2d/CCGrabber.m; sourceTree = "<group>"; };
		0A0617F21545FD6A0030915F /* CCGrid.h */ = {isa = PBXFileReference; lastKnownFileType = sourcecode.c.h; name = CCGrid.h; path = libs/cocos2d/CCGrid.h; sourceTree = "<group>"; };
		0A0617F31545FD6A0030915F /* CCGrid.m */ = {isa = PBXFileReference; lastKnownFileType = sourcecode.c.objc; name = CCGrid.m; path = libs/cocos2d/CCGrid.m; sourceTree = "<group>"; };
		0A0617F51545FD6A0030915F /* CCLabelAtlas.h */ = {isa = PBXFileReference; lastKnownFileType = sourcecode.c.h; name = CCLabelAtlas.h; path = libs/cocos2d/CCLabelAtlas.h; sourceTree = "<group>"; };
		0A0617F61545FD6A0030915F /* CCLabelAtlas.m */ = {isa = PBXFileReference; lastKnownFileType = sourcecode.c.objc; name = CCLabelAtlas.m; path = libs/cocos2d/CCLabelAtlas.m; sourceTree = "<group>"; };
		0A0617F81545FD6A0030915F /* CCLabelBMFont.h */ = {isa = PBXFileReference; lastKnownFileType = sourcecode.c.h; name = CCLabelBMFont.h; path = libs/cocos2d/CCLabelBMFont.h; sourceTree = "<group>"; };
		0A0617F91545FD6A0030915F /* CCLabelBMFont.m */ = {isa = PBXFileReference; lastKnownFileType = sourcecode.c.objc; name = CCLabelBMFont.m; path = libs/cocos2d/CCLabelBMFont.m; sourceTree = "<group>"; };
		0A0617FB1545FD6A0030915F /* CCLabelTTF.h */ = {isa = PBXFileReference; lastKnownFileType = sourcecode.c.h; name = CCLabelTTF.h; path = libs/cocos2d/CCLabelTTF.h; sourceTree = "<group>"; };
		0A0617FC1545FD6A0030915F /* CCLabelTTF.m */ = {isa = PBXFileReference; lastKnownFileType = sourcecode.c.objc; name = CCLabelTTF.m; path = libs/cocos2d/CCLabelTTF.m; sourceTree = "<group>"; };
		0A0617FE1545FD6A0030915F /* CCLayer.h */ = {isa = PBXFileReference; lastKnownFileType = sourcecode.c.h; name = CCLayer.h; path = libs/cocos2d/CCLayer.h; sourceTree = "<group>"; };
		0A0617FF1545FD6A0030915F /* CCLayer.m */ = {isa = PBXFileReference; lastKnownFileType = sourcecode.c.objc; name = CCLayer.m; path = libs/cocos2d/CCLayer.m; sourceTree = "<group>"; };
		0A0618011545FD6A0030915F /* ccMacros.h */ = {isa = PBXFileReference; lastKnownFileType = sourcecode.c.h; name = ccMacros.h; path = libs/cocos2d/ccMacros.h; sourceTree = "<group>"; };
		0A0618021545FD6A0030915F /* CCMenu.h */ = {isa = PBXFileReference; lastKnownFileType = sourcecode.c.h; name = CCMenu.h; path = libs/cocos2d/CCMenu.h; sourceTree = "<group>"; };
		0A0618031545FD6A0030915F /* CCMenu.m */ = {isa = PBXFileReference; lastKnownFileType = sourcecode.c.objc; name = CCMenu.m; path = libs/cocos2d/CCMenu.m; sourceTree = "<group>"; };
		0A0618051545FD6A0030915F /* CCMenuItem.h */ = {isa = PBXFileReference; lastKnownFileType = sourcecode.c.h; name = CCMenuItem.h; path = libs/cocos2d/CCMenuItem.h; sourceTree = "<group>"; };
		0A0618061545FD6A0030915F /* CCMenuItem.m */ = {isa = PBXFileReference; lastKnownFileType = sourcecode.c.objc; name = CCMenuItem.m; path = libs/cocos2d/CCMenuItem.m; sourceTree = "<group>"; };
		0A0618081545FD6A0030915F /* CCMotionStreak.h */ = {isa = PBXFileReference; lastKnownFileType = sourcecode.c.h; name = CCMotionStreak.h; path = libs/cocos2d/CCMotionStreak.h; sourceTree = "<group>"; };
		0A0618091545FD6A0030915F /* CCMotionStreak.m */ = {isa = PBXFileReference; lastKnownFileType = sourcecode.c.objc; name = CCMotionStreak.m; path = libs/cocos2d/CCMotionStreak.m; sourceTree = "<group>"; };
		0A06180B1545FD6A0030915F /* CCNode.h */ = {isa = PBXFileReference; lastKnownFileType = sourcecode.c.h; name = CCNode.h; path = libs/cocos2d/CCNode.h; sourceTree = "<group>"; };
		0A06180C1545FD6A0030915F /* CCNode.m */ = {isa = PBXFileReference; lastKnownFileType = sourcecode.c.objc; name = CCNode.m; path = libs/cocos2d/CCNode.m; sourceTree = "<group>"; };
		0A06180E1545FD6A0030915F /* CCParallaxNode.h */ = {isa = PBXFileReference; lastKnownFileType = sourcecode.c.h; name = CCParallaxNode.h; path = libs/cocos2d/CCParallaxNode.h; sourceTree = "<group>"; };
		0A06180F1545FD6A0030915F /* CCParallaxNode.m */ = {isa = PBXFileReference; lastKnownFileType = sourcecode.c.objc; name = CCParallaxNode.m; path = libs/cocos2d/CCParallaxNode.m; sourceTree = "<group>"; };
		0A0618111545FD6A0030915F /* CCParticleExamples.h */ = {isa = PBXFileReference; lastKnownFileType = sourcecode.c.h; name = CCParticleExamples.h; path = libs/cocos2d/CCParticleExamples.h; sourceTree = "<group>"; };
		0A0618121545FD6A0030915F /* CCParticleExamples.m */ = {isa = PBXFileReference; lastKnownFileType = sourcecode.c.objc; name = CCParticleExamples.m; path = libs/cocos2d/CCParticleExamples.m; sourceTree = "<group>"; };
		0A0618141545FD6B0030915F /* CCParticleSystem.h */ = {isa = PBXFileReference; lastKnownFileType = sourcecode.c.h; name = CCParticleSystem.h; path = libs/cocos2d/CCParticleSystem.h; sourceTree = "<group>"; };
		0A0618151545FD6B0030915F /* CCParticleSystem.m */ = {isa = PBXFileReference; lastKnownFileType = sourcecode.c.objc; name = CCParticleSystem.m; path = libs/cocos2d/CCParticleSystem.m; sourceTree = "<group>"; };
		0A0618171545FD6B0030915F /* CCParticleSystemPoint.h */ = {isa = PBXFileReference; lastKnownFileType = sourcecode.c.h; name = CCParticleSystemPoint.h; path = libs/cocos2d/CCParticleSystemPoint.h; sourceTree = "<group>"; };
		0A0618181545FD6B0030915F /* CCParticleSystemPoint.m */ = {isa = PBXFileReference; lastKnownFileType = sourcecode.c.objc; name = CCParticleSystemPoint.m; path = libs/cocos2d/CCParticleSystemPoint.m; sourceTree = "<group>"; };
		0A06181A1545FD6B0030915F /* CCParticleSystemQuad.h */ = {isa = PBXFileReference; lastKnownFileType = sourcecode.c.h; name = CCParticleSystemQuad.h; path = libs/cocos2d/CCParticleSystemQuad.h; sourceTree = "<group>"; };
		0A06181B1545FD6B0030915F /* CCParticleSystemQuad.m */ = {isa = PBXFileReference; lastKnownFileType = sourcecode.c.objc; name = CCParticleSystemQuad.m; path = libs/cocos2d/CCParticleSystemQuad.m; sourceTree = "<group>"; };
		0A06181D1545FD6B0030915F /* CCProgressTimer.h */ = {isa = PBXFileReference; lastKnownFileType = sourcecode.c.h; name = CCProgressTimer.h; path = libs/cocos2d/CCProgressTimer.h; sourceTree = "<group>"; };
		0A06181E1545FD6B0030915F /* CCProgressTimer.m */ = {isa = PBXFileReference; lastKnownFileType = sourcecode.c.objc; name = CCProgressTimer.m; path = libs/cocos2d/CCProgressTimer.m; sourceTree = "<group>"; };
		0A0618201545FD6B0030915F /* CCProtocols.h */ = {isa = PBXFileReference; lastKnownFileType = sourcecode.c.h; name = CCProtocols.h; path = libs/cocos2d/CCProtocols.h; sourceTree = "<group>"; };
		0A0618211545FD6B0030915F /* CCRenderTexture.h */ = {isa = PBXFileReference; lastKnownFileType = sourcecode.c.h; name = CCRenderTexture.h; path = libs/cocos2d/CCRenderTexture.h; sourceTree = "<group>"; };
		0A0618221545FD6B0030915F /* CCRenderTexture.m */ = {isa = PBXFileReference; lastKnownFileType = sourcecode.c.objc; name = CCRenderTexture.m; path = libs/cocos2d/CCRenderTexture.m; sourceTree = "<group>"; };
		0A0618241545FD6B0030915F /* CCRibbon.h */ = {isa = PBXFileReference; lastKnownFileType = sourcecode.c.h; name = CCRibbon.h; path = libs/cocos2d/CCRibbon.h; sourceTree = "<group>"; };
		0A0618251545FD6B0030915F /* CCRibbon.m */ = {isa = PBXFileReference; lastKnownFileType = sourcecode.c.objc; name = CCRibbon.m; path = libs/cocos2d/CCRibbon.m; sourceTree = "<group>"; };
		0A0618271545FD6B0030915F /* CCScene.h */ = {isa = PBXFileReference; lastKnownFileType = sourcecode.c.h; name = CCScene.h; path = libs/cocos2d/CCScene.h; sourceTree = "<group>"; };
		0A0618281545FD6B0030915F /* CCScene.m */ = {isa = PBXFileReference; lastKnownFileType = sourcecode.c.objc; name = CCScene.m; path = libs/cocos2d/CCScene.m; sourceTree = "<group>"; };
		0A06182A1545FD6B0030915F /* CCScheduler.h */ = {isa = PBXFileReference; lastKnownFileType = sourcecode.c.h; name = CCScheduler.h; path = libs/cocos2d/CCScheduler.h; sourceTree = "<group>"; };
		0A06182B1545FD6B0030915F /* CCScheduler.m */ = {isa = PBXFileReference; lastKnownFileType = sourcecode.c.objc; name = CCScheduler.m; path = libs/cocos2d/CCScheduler.m; sourceTree = "<group>"; };
		0A06182D1545FD6B0030915F /* CCSprite.h */ = {isa = PBXFileReference; lastKnownFileType = sourcecode.c.h; name = CCSprite.h; path = libs/cocos2d/CCSprite.h; sourceTree = "<group>"; };
		0A06182E1545FD6B0030915F /* CCSprite.m */ = {isa = PBXFileReference; lastKnownFileType = sourcecode.c.objc; name = CCSprite.m; path = libs/cocos2d/CCSprite.m; sourceTree = "<group>"; };
		0A0618301545FD6B0030915F /* CCSpriteBatchNode.h */ = {isa = PBXFileReference; lastKnownFileType = sourcecode.c.h; name = CCSpriteBatchNode.h; path = libs/cocos2d/CCSpriteBatchNode.h; sourceTree = "<group>"; };
		0A0618311545FD6B0030915F /* CCSpriteBatchNode.m */ = {isa = PBXFileReference; lastKnownFileType = sourcecode.c.objc; name = CCSpriteBatchNode.m; path = libs/cocos2d/CCSpriteBatchNode.m; sourceTree = "<group>"; };
		0A0618331545FD6B0030915F /* CCSpriteFrame.h */ = {isa = PBXFileReference; lastKnownFileType = sourcecode.c.h; name = CCSpriteFrame.h; path = libs/cocos2d/CCSpriteFrame.h; sourceTree = "<group>"; };
		0A0618341545FD6B0030915F /* CCSpriteFrame.m */ = {isa = PBXFileReference; lastKnownFileType = sourcecode.c.objc; name = CCSpriteFrame.m; path = libs/cocos2d/CCSpriteFrame.m; sourceTree = "<group>"; };
		0A0618361545FD6B0030915F /* CCSpriteFrameCache.h */ = {isa = PBXFileReference; lastKnownFileType = sourcecode.c.h; name = CCSpriteFrameCache.h; path = libs/cocos2d/CCSpriteFrameCache.h; sourceTree = "<group>"; };
		0A0618371545FD6B0030915F /* CCSpriteFrameCache.m */ = {isa = PBXFileReference; lastKnownFileType = sourcecode.c.objc; name = CCSpriteFrameCache.m; path = libs/cocos2d/CCSpriteFrameCache.m; sourceTree = "<group>"; };
		0A0618391545FD6B0030915F /* CCTexture2D.h */ = {isa = PBXFileReference; lastKnownFileType = sourcecode.c.h; name = CCTexture2D.h; path = libs/cocos2d/CCTexture2D.h; sourceTree = "<group>"; };
		0A06183A1545FD6B0030915F /* CCTexture2D.m */ = {isa = PBXFileReference; lastKnownFileType = sourcecode.c.objc; name = CCTexture2D.m; path = libs/cocos2d/CCTexture2D.m; sourceTree = "<group>"; };
		0A06183C1545FD6B0030915F /* CCTextureAtlas.h */ = {isa = PBXFileReference; lastKnownFileType = sourcecode.c.h; name = CCTextureAtlas.h; path = libs/cocos2d/CCTextureAtlas.h; sourceTree = "<group>"; };
		0A06183D1545FD6B0030915F /* CCTextureAtlas.m */ = {isa = PBXFileReference; lastKnownFileType = sourcecode.c.objc; name = CCTextureAtlas.m; path = libs/cocos2d/CCTextureAtlas.m; sourceTree = "<group>"; };
		0A06183F1545FD6B0030915F /* CCTextureCache.h */ = {isa = PBXFileReference; lastKnownFileType = sourcecode.c.h; name = CCTextureCache.h; path = libs/cocos2d/CCTextureCache.h; sourceTree = "<group>"; };
		0A0618401545FD6B0030915F /* CCTextureCache.m */ = {isa = PBXFileReference; lastKnownFileType = sourcecode.c.objc; name = CCTextureCache.m; path = libs/cocos2d/CCTextureCache.m; sourceTree = "<group>"; };
		0A0618421545FD6B0030915F /* CCTexturePVR.h */ = {isa = PBXFileReference; lastKnownFileType = sourcecode.c.h; name = CCTexturePVR.h; path = libs/cocos2d/CCTexturePVR.h; sourceTree = "<group>"; };
		0A0618431545FD6B0030915F /* CCTexturePVR.m */ = {isa = PBXFileReference; lastKnownFileType = sourcecode.c.objc; name = CCTexturePVR.m; path = libs/cocos2d/CCTexturePVR.m; sourceTree = "<group>"; };
		0A0618451545FD6B0030915F /* CCTileMapAtlas.h */ = {isa = PBXFileReference; lastKnownFileType = sourcecode.c.h; name = CCTileMapAtlas.h; path = libs/cocos2d/CCTileMapAtlas.h; sourceTree = "<group>"; };
		0A0618461545FD6B0030915F /* CCTileMapAtlas.m */ = {isa = PBXFileReference; lastKnownFileType = sourcecode.c.objc; name = CCTileMapAtlas.m; path = libs/cocos2d/CCTileMapAtlas.m; sourceTree = "<group>"; };
		0A0618481545FD6B0030915F /* CCTMXLayer.h */ = {isa = PBXFileReference; lastKnownFileType = sourcecode.c.h; name = CCTMXLayer.h; path = libs/cocos2d/CCTMXLayer.h; sourceTree = "<group>"; };
		0A0618491545FD6B0030915F /* CCTMXLayer.m */ = {isa = PBXFileReference; lastKnownFileType = sourcecode.c.objc; name = CCTMXLayer.m; path = libs/cocos2d/CCTMXLayer.m; sourceTree = "<group>"; };
		0A06184B1545FD6B0030915F /* CCTMXObjectGroup.h */ = {isa = PBXFileReference; lastKnownFileType = sourcecode.c.h; name = CCTMXObjectGroup.h; path = libs/cocos2d/CCTMXObjectGroup.h; sourceTree = "<group>"; };
		0A06184C1545FD6B0030915F /* CCTMXObjectGroup.m */ = {isa = PBXFileReference; lastKnownFileType = sourcecode.c.objc; name = CCTMXObjectGroup.m; path = libs/cocos2d/CCTMXObjectGroup.m; sourceTree = "<group>"; };
		0A06184E1545FD6B0030915F /* CCTMXTiledMap.h */ = {isa = PBXFileReference; lastKnownFileType = sourcecode.c.h; name = CCTMXTiledMap.h; path = libs/cocos2d/CCTMXTiledMap.h; sourceTree = "<group>"; };
		0A06184F1545FD6B0030915F /* CCTMXTiledMap.m */ = {isa = PBXFileReference; lastKnownFileType = sourcecode.c.objc; name = CCTMXTiledMap.m; path = libs/cocos2d/CCTMXTiledMap.m; sourceTree = "<group>"; };
		0A0618511545FD6B0030915F /* CCTMXXMLParser.h */ = {isa = PBXFileReference; lastKnownFileType = sourcecode.c.h; name = CCTMXXMLParser.h; path = libs/cocos2d/CCTMXXMLParser.h; sourceTree = "<group>"; };
		0A0618521545FD6B0030915F /* CCTMXXMLParser.m */ = {isa = PBXFileReference; lastKnownFileType = sourcecode.c.objc; name = CCTMXXMLParser.m; path = libs/cocos2d/CCTMXXMLParser.m; sourceTree = "<group>"; };
		0A0618541545FD6B0030915F /* CCTransition.h */ = {isa = PBXFileReference; lastKnownFileType = sourcecode.c.h; name = CCTransition.h; path = libs/cocos2d/CCTransition.h; sourceTree = "<group>"; };
		0A0618551545FD6B0030915F /* CCTransition.m */ = {isa = PBXFileReference; lastKnownFileType = sourcecode.c.objc; name = CCTransition.m; path = libs/cocos2d/CCTransition.m; sourceTree = "<group>"; };
		0A0618571545FD6B0030915F /* CCTransitionPageTurn.h */ = {isa = PBXFileReference; lastKnownFileType = sourcecode.c.h; name = CCTransitionPageTurn.h; path = libs/cocos2d/CCTransitionPageTurn.h; sourceTree = "<group>"; };
		0A0618581545FD6B0030915F /* CCTransitionPageTurn.m */ = {isa = PBXFileReference; lastKnownFileType = sourcecode.c.objc; name = CCTransitionPageTurn.m; path = libs/cocos2d/CCTransitionPageTurn.m; sourceTree = "<group>"; };
		0A06185A1545FD6B0030915F /* CCTransitionRadial.h */ = {isa = PBXFileReference; lastKnownFileType = sourcecode.c.h; name = CCTransitionRadial.h; path = libs/cocos2d/CCTransitionRadial.h; sourceTree = "<group>"; };
		0A06185B1545FD6B0030915F /* CCTransitionRadial.m */ = {isa = PBXFileReference; lastKnownFileType = sourcecode.c.objc; name = CCTransitionRadial.m; path = libs/cocos2d/CCTransitionRadial.m; sourceTree = "<group>"; };
		0A06185D1545FD6B0030915F /* ccTypes.h */ = {isa = PBXFileReference; lastKnownFileType = sourcecode.c.h; name = ccTypes.h; path = libs/cocos2d/ccTypes.h; sourceTree = "<group>"; };
		0A06185E1545FD6B0030915F /* cocos2d.h */ = {isa = PBXFileReference; lastKnownFileType = sourcecode.c.h; name = cocos2d.h; path = libs/cocos2d/cocos2d.h; sourceTree = "<group>"; };
		0A06185F1545FD6B0030915F /* cocos2d.m */ = {isa = PBXFileReference; lastKnownFileType = sourcecode.c.objc; name = cocos2d.m; path = libs/cocos2d/cocos2d.m; sourceTree = "<group>"; };
		0A0618621545FD6B0030915F /* CCGL.h */ = {isa = PBXFileReference; lastKnownFileType = sourcecode.c.h; name = CCGL.h; path = libs/cocos2d/Platforms/CCGL.h; sourceTree = "<group>"; };
		0A0618631545FD6B0030915F /* CCNS.h */ = {isa = PBXFileReference; lastKnownFileType = sourcecode.c.h; name = CCNS.h; path = libs/cocos2d/Platforms/CCNS.h; sourceTree = "<group>"; };
		0A0618651545FD6B0030915F /* CCDirectorIOS.h */ = {isa = PBXFileReference; lastKnownFileType = sourcecode.c.h; name = CCDirectorIOS.h; path = libs/cocos2d/Platforms/iOS/CCDirectorIOS.h; sourceTree = "<group>"; };
		0A0618661545FD6B0030915F /* CCDirectorIOS.m */ = {isa = PBXFileReference; lastKnownFileType = sourcecode.c.objc; name = CCDirectorIOS.m; path = libs/cocos2d/Platforms/iOS/CCDirectorIOS.m; sourceTree = "<group>"; };
		0A0618681545FD6B0030915F /* CCTouchDelegateProtocol.h */ = {isa = PBXFileReference; lastKnownFileType = sourcecode.c.h; name = CCTouchDelegateProtocol.h; path = libs/cocos2d/Platforms/iOS/CCTouchDelegateProtocol.h; sourceTree = "<group>"; };
		0A0618691545FD6B0030915F /* CCTouchDispatcher.h */ = {isa = PBXFileReference; lastKnownFileType = sourcecode.c.h; name = CCTouchDispatcher.h; path = libs/cocos2d/Platforms/iOS/CCTouchDispatcher.h; sourceTree = "<group>"; };
		0A06186A1545FD6B0030915F /* CCTouchDispatcher.m */ = {isa = PBXFileReference; lastKnownFileType = sourcecode.c.objc; name = CCTouchDispatcher.m; path = libs/cocos2d/Platforms/iOS/CCTouchDispatcher.m; sourceTree = "<group>"; };
		0A06186C1545FD6B0030915F /* CCTouchHandler.h */ = {isa = PBXFileReference; lastKnownFileType = sourcecode.c.h; name = CCTouchHandler.h; path = libs/cocos2d/Platforms/iOS/CCTouchHandler.h; sourceTree = "<group>"; };
		0A06186D1545FD6B0030915F /* CCTouchHandler.m */ = {isa = PBXFileReference; lastKnownFileType = sourcecode.c.objc; name = CCTouchHandler.m; path = libs/cocos2d/Platforms/iOS/CCTouchHandler.m; sourceTree = "<group>"; };
		0A06186F1545FD6B0030915F /* EAGLView.h */ = {isa = PBXFileReference; lastKnownFileType = sourcecode.c.h; name = EAGLView.h; path = libs/cocos2d/Platforms/iOS/EAGLView.h; sourceTree = "<group>"; };
		0A0618701545FD6B0030915F /* EAGLView.m */ = {isa = PBXFileReference; lastKnownFileType = sourcecode.c.objc; name = EAGLView.m; path = libs/cocos2d/Platforms/iOS/EAGLView.m; sourceTree = "<group>"; };
		0A0618721545FD6B0030915F /* ES1Renderer.h */ = {isa = PBXFileReference; lastKnownFileType = sourcecode.c.h; name = ES1Renderer.h; path = libs/cocos2d/Platforms/iOS/ES1Renderer.h; sourceTree = "<group>"; };
		0A0618731545FD6B0030915F /* ES1Renderer.m */ = {isa = PBXFileReference; lastKnownFileType = sourcecode.c.objc; name = ES1Renderer.m; path = libs/cocos2d/Platforms/iOS/ES1Renderer.m; sourceTree = "<group>"; };
		0A0618751545FD6B0030915F /* ESRenderer.h */ = {isa = PBXFileReference; lastKnownFileType = sourcecode.c.h; name = ESRenderer.h; path = libs/cocos2d/Platforms/iOS/ESRenderer.h; sourceTree = "<group>"; };
		0A0618761545FD6B0030915F /* glu.c */ = {isa = PBXFileReference; lastKnownFileType = sourcecode.c.c; name = glu.c; path = libs/cocos2d/Platforms/iOS/glu.c; sourceTree = "<group>"; };
		0A0618781545FD6B0030915F /* glu.h */ = {isa = PBXFileReference; lastKnownFileType = sourcecode.c.h; name = glu.h; path = libs/cocos2d/Platforms/iOS/glu.h; sourceTree = "<group>"; };
		0A06187A1545FD6B0030915F /* CCDirectorMac.h */ = {isa = PBXFileReference; lastKnownFileType = sourcecode.c.h; name = CCDirectorMac.h; path = libs/cocos2d/Platforms/Mac/CCDirectorMac.h; sourceTree = "<group>"; };
		0A06187B1545FD6C0030915F /* CCDirectorMac.m */ = {isa = PBXFileReference; lastKnownFileType = sourcecode.c.objc; name = CCDirectorMac.m; path = libs/cocos2d/Platforms/Mac/CCDirectorMac.m; sourceTree = "<group>"; };
		0A06187D1545FD6C0030915F /* CCEventDispatcher.h */ = {isa = PBXFileReference; lastKnownFileType = sourcecode.c.h; name = CCEventDispatcher.h; path = libs/cocos2d/Platforms/Mac/CCEventDispatcher.h; sourceTree = "<group>"; };
		0A06187E1545FD6C0030915F /* CCEventDispatcher.m */ = {isa = PBXFileReference; lastKnownFileType = sourcecode.c.objc; name = CCEventDispatcher.m; path = libs/cocos2d/Platforms/Mac/CCEventDispatcher.m; sourceTree = "<group>"; };
		0A0618801545FD6C0030915F /* MacGLView.h */ = {isa = PBXFileReference; lastKnownFileType = sourcecode.c.h; name = MacGLView.h; path = libs/cocos2d/Platforms/Mac/MacGLView.h; sourceTree = "<group>"; };
		0A0618811545FD6C0030915F /* MacGLView.m */ = {isa = PBXFileReference; lastKnownFileType = sourcecode.c.objc; name = MacGLView.m; path = libs/cocos2d/Platforms/Mac/MacGLView.m; sourceTree = "<group>"; };
		0A0618831545FD6C0030915F /* MacWindow.h */ = {isa = PBXFileReference; lastKnownFileType = sourcecode.c.h; name = MacWindow.h; path = libs/cocos2d/Platforms/Mac/MacWindow.h; sourceTree = "<group>"; };
		0A0618841545FD6C0030915F /* MacWindow.m */ = {isa = PBXFileReference; lastKnownFileType = sourcecode.c.objc; name = MacWindow.m; path = libs/cocos2d/Platforms/Mac/MacWindow.m; sourceTree = "<group>"; };
		0A0618871545FD6C0030915F /* base64.c */ = {isa = PBXFileReference; lastKnownFileType = sourcecode.c.c; name = base64.c; path = libs/cocos2d/Support/base64.c; sourceTree = "<group>"; };
		0A0618891545FD6C0030915F /* base64.h */ = {isa = PBXFileReference; lastKnownFileType = sourcecode.c.h; name = base64.h; path = libs/cocos2d/Support/base64.h; sourceTree = "<group>"; };
		0A06188A1545FD6C0030915F /* CCArray.h */ = {isa = PBXFileReference; lastKnownFileType = sourcecode.c.h; name = CCArray.h; path = libs/cocos2d/Support/CCArray.h; sourceTree = "<group>"; };
		0A06188B1545FD6C0030915F /* CCArray.m */ = {isa = PBXFileReference; lastKnownFileType = sourcecode.c.objc; name = CCArray.m; path = libs/cocos2d/Support/CCArray.m; sourceTree = "<group>"; };
		0A06188D1545FD6C0030915F /* ccCArray.h */ = {isa = PBXFileReference; lastKnownFileType = sourcecode.c.h; name = ccCArray.h; path = libs/cocos2d/Support/ccCArray.h; sourceTree = "<group>"; };
		0A06188E1545FD6C0030915F /* CCFileUtils.h */ = {isa = PBXFileReference; lastKnownFileType = sourcecode.c.h; name = CCFileUtils.h; path = libs/cocos2d/Support/CCFileUtils.h; sourceTree = "<group>"; };
		0A06188F1545FD6C0030915F /* CCFileUtils.m */ = {isa = PBXFileReference; lastKnownFileType = sourcecode.c.objc; name = CCFileUtils.m; path = libs/cocos2d/Support/CCFileUtils.m; sourceTree = "<group>"; };
		0A0618911545FD6C0030915F /* CCProfiling.h */ = {isa = PBXFileReference; lastKnownFileType = sourcecode.c.h; name = CCProfiling.h; path = libs/cocos2d/Support/CCProfiling.h; sourceTree = "<group>"; };
		0A0618921545FD6C0030915F /* CCProfiling.m */ = {isa = PBXFileReference; lastKnownFileType = sourcecode.c.objc; name = CCProfiling.m; path = libs/cocos2d/Support/CCProfiling.m; sourceTree = "<group>"; };
		0A0618941545FD6C0030915F /* ccUtils.c */ = {isa = PBXFileReference; lastKnownFileType = sourcecode.c.c; name = ccUtils.c; path = libs/cocos2d/Support/ccUtils.c; sourceTree = "<group>"; };
		0A0618961545FD6C0030915F /* ccUtils.h */ = {isa = PBXFileReference; lastKnownFileType = sourcecode.c.h; name = ccUtils.h; path = libs/cocos2d/Support/ccUtils.h; sourceTree = "<group>"; };
		0A0618971545FD6C0030915F /* CGPointExtension.h */ = {isa = PBXFileReference; lastKnownFileType = sourcecode.c.h; name = CGPointExtension.h; path = libs/cocos2d/Support/CGPointExtension.h; sourceTree = "<group>"; };
		0A0618981545FD6C0030915F /* CGPointExtension.m */ = {isa = PBXFileReference; lastKnownFileType = sourcecode.c.objc; name = CGPointExtension.m; path = libs/cocos2d/Support/CGPointExtension.m; sourceTree = "<group>"; };
		0A06189A1545FD6C0030915F /* OpenGL_Internal.h */ = {isa = PBXFileReference; lastKnownFileType = sourcecode.c.h; name = OpenGL_Internal.h; path = libs/cocos2d/Support/OpenGL_Internal.h; sourceTree = "<group>"; };
		0A06189B1545FD6C0030915F /* TGAlib.h */ = {isa = PBXFileReference; lastKnownFileType = sourcecode.c.h; name = TGAlib.h; path = libs/cocos2d/Support/TGAlib.h; sourceTree = "<group>"; };
		0A06189C1545FD6C0030915F /* TGAlib.m */ = {isa = PBXFileReference; lastKnownFileType = sourcecode.c.objc; name = TGAlib.m; path = libs/cocos2d/Support/TGAlib.m; sourceTree = "<group>"; };
		0A06189E1545FD6C0030915F /* TransformUtils.h */ = {isa = PBXFileReference; lastKnownFileType = sourcecode.c.h; name = TransformUtils.h; path = libs/cocos2d/Support/TransformUtils.h; sourceTree = "<group>"; };
		0A06189F1545FD6C0030915F /* TransformUtils.m */ = {isa = PBXFileReference; lastKnownFileType = sourcecode.c.objc; name = TransformUtils.m; path = libs/cocos2d/Support/TransformUtils.m; sourceTree = "<group>"; };
		0A0618A11545FD6C0030915F /* uthash.h */ = {isa = PBXFileReference; lastKnownFileType = sourcecode.c.h; name = uthash.h; path = libs/cocos2d/Support/uthash.h; sourceTree = "<group>"; };
		0A0618A21545FD6C0030915F /* utlist.h */ = {isa = PBXFileReference; lastKnownFileType = sourcecode.c.h; name = utlist.h; path = libs/cocos2d/Support/utlist.h; sourceTree = "<group>"; };
		0A0618A31545FD6C0030915F /* ZipUtils.h */ = {isa = PBXFileReference; lastKnownFileType = sourcecode.c.h; name = ZipUtils.h; path = libs/cocos2d/Support/ZipUtils.h; sourceTree = "<group>"; };
		0A0618A41545FD6C0030915F /* ZipUtils.m */ = {isa = PBXFileReference; lastKnownFileType = sourcecode.c.objc; name = ZipUtils.m; path = libs/cocos2d/Support/ZipUtils.m; sourceTree = "<group>"; };
		0A0618A61545FD6C0030915F /* LICENSE_cocos2d.txt */ = {isa = PBXFileReference; lastKnownFileType = text; name = LICENSE_cocos2d.txt; path = libs/LICENSE_cocos2d.txt; sourceTree = "<group>"; };
		0A0618A81545FD6C0030915F /* CDAudioManager.h */ = {isa = PBXFileReference; lastKnownFileType = sourcecode.c.h; name = CDAudioManager.h; path = libs/CocosDenshion/CDAudioManager.h; sourceTree = "<group>"; };
		0A0618A91545FD6C0030915F /* CDAudioManager.m */ = {isa = PBXFileReference; lastKnownFileType = sourcecode.c.objc; name = CDAudioManager.m; path = libs/CocosDenshion/CDAudioManager.m; sourceTree = "<group>"; };
		0A0618AB1545FD6C0030915F /* CDConfig.h */ = {isa = PBXFileReference; lastKnownFileType = sourcecode.c.h; name = CDConfig.h; path = libs/CocosDenshion/CDConfig.h; sourceTree = "<group>"; };
		0A0618AC1545FD6C0030915F /* CDOpenALSupport.h */ = {isa = PBXFileReference; lastKnownFileType = sourcecode.c.h; name = CDOpenALSupport.h; path = libs/CocosDenshion/CDOpenALSupport.h; sourceTree = "<group>"; };
		0A0618AD1545FD6C0030915F /* CDOpenALSupport.m */ = {isa = PBXFileReference; lastKnownFileType = sourcecode.c.objc; name = CDOpenALSupport.m; path = libs/CocosDenshion/CDOpenALSupport.m; sourceTree = "<group>"; };
		0A0618AF1545FD6C0030915F /* CocosDenshion.h */ = {isa = PBXFileReference; lastKnownFileType = sourcecode.c.h; name = CocosDenshion.h; path = libs/CocosDenshion/CocosDenshion.h; sourceTree = "<group>"; };
		0A0618B01545FD6C0030915F /* CocosDenshion.m */ = {isa = PBXFileReference; lastKnownFileType = sourcecode.c.objc; name = CocosDenshion.m; path = libs/CocosDenshion/CocosDenshion.m; sourceTree = "<group>"; };
		0A0618B21545FD6C0030915F /* SimpleAudioEngine.h */ = {isa = PBXFileReference; lastKnownFileType = sourcecode.c.h; name = SimpleAudioEngine.h; path = libs/CocosDenshion/SimpleAudioEngine.h; sourceTree = "<group>"; };
		0A0618B31545FD6C0030915F /* SimpleAudioEngine.m */ = {isa = PBXFileReference; lastKnownFileType = sourcecode.c.objc; name = SimpleAudioEngine.m; path = libs/CocosDenshion/SimpleAudioEngine.m; sourceTree = "<group>"; };
		0A0618B51545FD6C0030915F /* LICENSE_CocosDenshion.txt */ = {isa = PBXFileReference; lastKnownFileType = text; name = LICENSE_CocosDenshion.txt; path = libs/LICENSE_CocosDenshion.txt; sourceTree = "<group>"; };
		0A0618B71545FD6C0030915F /* CLScoreServerPost.h */ = {isa = PBXFileReference; lastKnownFileType = sourcecode.c.h; name = CLScoreServerPost.h; path = libs/cocoslive/CLScoreServerPost.h; sourceTree = "<group>"; };
		0A0618B81545FD6C0030915F /* CLScoreServerPost.m */ = {isa = PBXFileReference; lastKnownFileType = sourcecode.c.objc; name = CLScoreServerPost.m; path = libs/cocoslive/CLScoreServerPost.m; sourceTree = "<group>"; };
		0A0618BA1545FD6C0030915F /* CLScoreServerRequest.h */ = {isa = PBXFileReference; lastKnownFileType = sourcecode.c.h; name = CLScoreServerRequest.h; path = libs/cocoslive/CLScoreServerRequest.h; sourceTree = "<group>"; };
		0A0618BB1545FD6C0030915F /* CLScoreServerRequest.m */ = {isa = PBXFileReference; lastKnownFileType = sourcecode.c.objc; name = CLScoreServerRequest.m; path = libs/cocoslive/CLScoreServerRequest.m; sourceTree = "<group>"; };
		0A0618BD1545FD6C0030915F /* cocoslive.h */ = {isa = PBXFileReference; lastKnownFileType = sourcecode.c.h; name = cocoslive.h; path = libs/cocoslive/cocoslive.h; sourceTree = "<group>"; };
		0A0618BE1545FD6C0030915F /* cocoslive.m */ = {isa = PBXFileReference; lastKnownFileType = sourcecode.c.objc; name = cocoslive.m; path = libs/cocoslive/cocoslive.m; sourceTree = "<group>"; };
		0A0618C01545FD6C0030915F /* LICENSE_TouchJSON.txt */ = {isa = PBXFileReference; lastKnownFileType = text; name = LICENSE_TouchJSON.txt; path = libs/LICENSE_TouchJSON.txt; sourceTree = "<group>"; };
		0A0618C21545FD6C0030915F /* CDataScanner.h */ = {isa = PBXFileReference; lastKnownFileType = sourcecode.c.h; name = CDataScanner.h; path = libs/TouchJSON/CDataScanner.h; sourceTree = "<group>"; };
		0A0618C31545FD6C0030915F /* CDataScanner.m */ = {isa = PBXFileReference; lastKnownFileType = sourcecode.c.objc; name = CDataScanner.m; path = libs/TouchJSON/CDataScanner.m; sourceTree = "<group>"; };
		0A0618C61545FD6C0030915F /* CDataScanner_Extensions.h */ = {isa = PBXFileReference; lastKnownFileType = sourcecode.c.h; name = CDataScanner_Extensions.h; path = libs/TouchJSON/Extensions/CDataScanner_Extensions.h; sourceTree = "<group>"; };
		0A0618C71545FD6C0030915F /* CDataScanner_Extensions.m */ = {isa = PBXFileReference; lastKnownFileType = sourcecode.c.objc; name = CDataScanner_Extensions.m; path = libs/TouchJSON/Extensions/CDataScanner_Extensions.m; sourceTree = "<group>"; };
		0A0618C91545FD6C0030915F /* NSDictionary_JSONExtensions.h */ = {isa = PBXFileReference; lastKnownFileType = sourcecode.c.h; name = NSDictionary_JSONExtensions.h; path = libs/TouchJSON/Extensions/NSDictionary_JSONExtensions.h; sourceTree = "<group>"; };
		0A0618CA1545FD6C0030915F /* NSDictionary_JSONExtensions.m */ = {isa = PBXFileReference; lastKnownFileType = sourcecode.c.objc; name = NSDictionary_JSONExtensions.m; path = libs/TouchJSON/Extensions/NSDictionary_JSONExtensions.m; sourceTree = "<group>"; };
		0A0618CD1545FD6C0030915F /* CJSONDeserializer.h */ = {isa = PBXFileReference; lastKnownFileType = sourcecode.c.h; name = CJSONDeserializer.h; path = libs/TouchJSON/JSON/CJSONDeserializer.h; sourceTree = "<group>"; };
		0A0618CE1545FD6C0030915F /* CJSONDeserializer.m */ = {isa = PBXFileReference; lastKnownFileType = sourcecode.c.objc; name = CJSONDeserializer.m; path = libs/TouchJSON/JSON/CJSONDeserializer.m; sourceTree = "<group>"; };
		0A0618D01545FD6C0030915F /* CJSONScanner.h */ = {isa = PBXFileReference; lastKnownFileType = sourcecode.c.h; name = CJSONScanner.h; path = libs/TouchJSON/JSON/CJSONScanner.h; sourceTree = "<group>"; };
		0A0618D11545FD6C0030915F /* CJSONScanner.m */ = {isa = PBXFileReference; lastKnownFileType = sourcecode.c.objc; name = CJSONScanner.m; path = libs/TouchJSON/JSON/CJSONScanner.m; sourceTree = "<group>"; };
		0A0618D31545FD6C0030915F /* CJSONSerializer.h */ = {isa = PBXFileReference; lastKnownFileType = sourcecode.c.h; name = CJSONSerializer.h; path = libs/TouchJSON/JSON/CJSONSerializer.h; sourceTree = "<group>"; };
		0A0618D41545FD6C0030915F /* CJSONSerializer.m */ = {isa = PBXFileReference; lastKnownFileType = sourcecode.c.objc; name = CJSONSerializer.m; path = libs/TouchJSON/JSON/CJSONSerializer.m; sourceTree = "<group>"; };
		0A0618D61545FD6C0030915F /* JSONRepresentation.h */ = {isa = PBXFileReference; lastKnownFileType = sourcecode.c.h; name = JSONRepresentation.h; path = libs/TouchJSON/JSON/JSONRepresentation.h; sourceTree = "<group>"; };
		0A0618D81545FD6C0030915F /* FontLabel.h */ = {isa = PBXFileReference; lastKnownFileType = sourcecode.c.h; name = FontLabel.h; path = libs/FontLabel/FontLabel.h; sourceTree = "<group>"; };
		0A0618D91545FD6C0030915F /* FontLabel.m */ = {isa = PBXFileReference; lastKnownFileType = sourcecode.c.objc; name = FontLabel.m; path = libs/FontLabel/FontLabel.m; sourceTree = "<group>"; };
		0A0618DB1545FD6C0030915F /* FontLabelStringDrawing.h */ = {isa = PBXFileReference; lastKnownFileType = sourcecode.c.h; name = FontLabelStringDrawing.h; path = libs/FontLabel/FontLabelStringDrawing.h; sourceTree = "<group>"; };
		0A0618DC1545FD6C0030915F /* FontLabelStringDrawing.m */ = {isa = PBXFileReference; lastKnownFileType = sourcecode.c.objc; name = FontLabelStringDrawing.m; path = libs/FontLabel/FontLabelStringDrawing.m; sourceTree = "<group>"; };
		0A0618DE1545FD6C0030915F /* FontManager.h */ = {isa = PBXFileReference; lastKnownFileType = sourcecode.c.h; name = FontManager.h; path = libs/FontLabel/FontManager.h; sourceTree = "<group>"; };
		0A0618DF1545FD6C0030915F /* FontManager.m */ = {isa = PBXFileReference; lastKnownFileType = sourcecode.c.objc; name = FontManager.m; path = libs/FontLabel/FontManager.m; sourceTree = "<group>"; };
		0A0618E11545FD6D0030915F /* ZAttributedString.h */ = {isa = PBXFileReference; lastKnownFileType = sourcecode.c.h; name = ZAttributedString.h; path = libs/FontLabel/ZAttributedString.h; sourceTree = "<group>"; };
		0A0618E21545FD6D0030915F /* ZAttributedString.m */ = {isa = PBXFileReference; lastKnownFileType = sourcecode.c.objc; name = ZAttributedString.m; path = libs/FontLabel/ZAttributedString.m; sourceTree = "<group>"; };
		0A0618E41545FD6D0030915F /* ZAttributedStringPrivate.h */ = {isa = PBXFileReference; lastKnownFileType = sourcecode.c.h; name = ZAttributedStringPrivate.h; path = libs/FontLabel/ZAttributedStringPrivate.h; sourceTree = "<group>"; };
		0A0618E51545FD6D0030915F /* ZFont.h */ = {isa = PBXFileReference; lastKnownFileType = sourcecode.c.h; name = ZFont.h; path = libs/FontLabel/ZFont.h; sourceTree = "<group>"; };
		0A0618E61545FD6D0030915F /* ZFont.m */ = {isa = PBXFileReference; lastKnownFileType = sourcecode.c.objc; name = ZFont.m; path = libs/FontLabel/ZFont.m; sourceTree = "<group>"; };
		0A0618E81545FD6D0030915F /* LICENSE_FontLabel.txt */ = {isa = PBXFileReference; lastKnownFileType = text; name = LICENSE_FontLabel.txt; path = libs/LICENSE_FontLabel.txt; sourceTree = "<group>"; };
		0A0618EA1545FD6D0030915F /* Prefix.pch */ = {isa = PBXFileReference; lastKnownFileType = sourcecode.c.h; path = Prefix.pch; sourceTree = "<group>"; };
		0A0618EB1545FD6D0030915F /* main.m */ = {isa = PBXFileReference; lastKnownFileType = sourcecode.c.objc; path = main.m; sourceTree = "<group>"; };
		0A0618ED1545FD6D0030915F /* AppDelegate.h */ = {isa = PBXFileReference; lastKnownFileType = sourcecode.c.h; path = AppDelegate.h; sourceTree = "<group>"; };
		0A0618EE1545FD6D0030915F /* AppDelegate.m */ = {isa = PBXFileReference; lastKnownFileType = sourcecode.c.objc; path = AppDelegate.m; sourceTree = "<group>"; };
		0A0618F01545FD6D0030915F /* RootViewController.h */ = {isa = PBXFileReference; lastKnownFileType = sourcecode.c.h; path = RootViewController.h; sourceTree = "<group>"; };
		0A0618F11545FD6D0030915F /* RootViewController.m */ = {isa = PBXFileReference; lastKnownFileType = sourcecode.c.objc; path = RootViewController.m; sourceTree = "<group>"; };
		0A0618F31545FD6D0030915F /* HelloWorldLayer.h */ = {isa = PBXFileReference; lastKnownFileType = sourcecode.c.h; path = HelloWorldLayer.h; sourceTree = "<group>"; };
		0A0618F41545FD6D0030915F /* HelloWorldLayer.m */ = {isa = PBXFileReference; lastKnownFileType = sourcecode.c.objc; path = HelloWorldLayer.m; sourceTree = "<group>"; };
		0A0618F61545FD6D0030915F /* GameConfig.h */ = {isa = PBXFileReference; lastKnownFileType = sourcecode.c.h; path = GameConfig.h; sourceTree = "<group>"; };
		0A243D15155AF8930003E8AB /* block1.png */ = {isa = PBXFileReference; lastKnownFileType = image.png; path = block1.png; sourceTree = "<group>"; };
		0A243D17155AF8FE0003E8AB /* block2.png */ = {isa = PBXFileReference; lastKnownFileType = image.png; path = block2.png; sourceTree = "<group>"; };
		0A243D1F155B09250003E8AB /* paddle.png */ = {isa = PBXFileReference; lastKnownFileType = image.png; path = paddle.png; sourceTree = "<group>"; };
/* End PBXFileReference section */

/* Begin PBXFrameworksBuildPhase section */
		0A0617841545FD690030915F /* Frameworks */ = {
			isa = PBXFrameworksBuildPhase;
			buildActionMask = 2147483647;
			files = (
				0A06178C1545FD690030915F /* QuartzCore.framework in Frameworks */,
				0A06178E1545FD690030915F /* OpenGLES.framework in Frameworks */,
				0A0617901545FD690030915F /* OpenAL.framework in Frameworks */,
				0A0617921545FD690030915F /* AudioToolbox.framework in Frameworks */,
				0A0617941545FD690030915F /* AVFoundation.framework in Frameworks */,
				0A0617961545FD690030915F /* UIKit.framework in Frameworks */,
				0A0617981545FD690030915F /* Foundation.framework in Frameworks */,
				0A06179A1545FD690030915F /* CoreGraphics.framework in Frameworks */,
			);
			runOnlyForDeploymentPostprocessing = 0;
		};
/* End PBXFrameworksBuildPhase section */

/* Begin PBXGroup section */
		0A06177C1545FD690030915F = {
			isa = PBXGroup;
			children = (
				0A06179B1545FD690030915F /* Ponkanoid */,
				0A06178A1545FD690030915F /* Frameworks */,
				0A0617881545FD690030915F /* Products */,
			);
			sourceTree = "<group>";
		};
		0A0617881545FD690030915F /* Products */ = {
			isa = PBXGroup;
			children = (
				0A0617871545FD690030915F /* Ponkanoid.app */,
			);
			name = Products;
			sourceTree = "<group>";
		};
		0A06178A1545FD690030915F /* Frameworks */ = {
			isa = PBXGroup;
			children = (
				0A06178B1545FD690030915F /* QuartzCore.framework */,
				0A06178D1545FD690030915F /* OpenGLES.framework */,
				0A06178F1545FD690030915F /* OpenAL.framework */,
				0A0617911545FD690030915F /* AudioToolbox.framework */,
				0A0617931545FD690030915F /* AVFoundation.framework */,
				0A0617951545FD690030915F /* UIKit.framework */,
				0A0617971545FD690030915F /* Foundation.framework */,
				0A0617991545FD690030915F /* CoreGraphics.framework */,
			);
			name = Frameworks;
			sourceTree = "<group>";
		};
		0A06179B1545FD690030915F /* Ponkanoid */ = {
			isa = PBXGroup;
			children = (
				0A0618ED1545FD6D0030915F /* AppDelegate.h */,
				0A0618EE1545FD6D0030915F /* AppDelegate.m */,
				0A0618F01545FD6D0030915F /* RootViewController.h */,
				0A0618F11545FD6D0030915F /* RootViewController.m */,
				0A0618F31545FD6D0030915F /* HelloWorldLayer.h */,
				0A0618F41545FD6D0030915F /* HelloWorldLayer.m */,
				0A0618F61545FD6D0030915F /* GameConfig.h */,
				0A06179C1545FD690030915F /* Resources */,
				0A0617B01545FD690030915F /* libs */,
				0A0618E91545FD6D0030915F /* Supporting Files */,
			);
			path = Ponkanoid;
			sourceTree = "<group>";
		};
		0A06179C1545FD690030915F /* Resources */ = {
			isa = PBXGroup;
			children = (
				0A243D14155AF61A0003E8AB /* sprites */,
				0A06179D1545FD690030915F /* Default.png */,
				0A06179F1545FD690030915F /* fps_images.png */,
				0A0617A11545FD690030915F /* Icon-72.png */,
				0A0617A31545FD690030915F /* Icon-Small-50.png */,
				0A0617A51545FD690030915F /* Icon-Small.png */,
				0A0617A71545FD690030915F /* Icon-Small@2x.png */,
				0A0617A91545FD690030915F /* Icon.png */,
				0A0617AB1545FD690030915F /* Icon@2x.png */,
				0A0617AD1545FD690030915F /* Info.plist */,
				0A0617AE1545FD690030915F /* iTunesArtwork */,
			);
			name = Resources;
			sourceTree = "<group>";
		};
		0A0617B01545FD690030915F /* libs */ = {
			isa = PBXGroup;
			children = (
				0A0618A61545FD6C0030915F /* LICENSE_cocos2d.txt */,
				0A0618B51545FD6C0030915F /* LICENSE_CocosDenshion.txt */,
				0A0618C01545FD6C0030915F /* LICENSE_TouchJSON.txt */,
				0A0618E81545FD6D0030915F /* LICENSE_FontLabel.txt */,
				0A0617B11545FD690030915F /* cocos2d */,
				0A0618A71545FD6C0030915F /* CocosDenshion */,
				0A0618B61545FD6C0030915F /* cocoslive */,
				0A0618C11545FD6C0030915F /* TouchJSON */,
				0A0618D71545FD6C0030915F /* FontLabel */,
			);
			name = libs;
			sourceTree = "<group>";
		};
		0A0617B11545FD690030915F /* cocos2d */ = {
			isa = PBXGroup;
			children = (
				0A0617B21545FD690030915F /* CCAction.h */,
				0A0617B31545FD690030915F /* CCAction.m */,
				0A0617B51545FD6A0030915F /* CCActionCamera.h */,
				0A0617B61545FD6A0030915F /* CCActionCamera.m */,
				0A0617B81545FD6A0030915F /* CCActionEase.h */,
				0A0617B91545FD6A0030915F /* CCActionEase.m */,
				0A0617BB1545FD6A0030915F /* CCActionGrid.h */,
				0A0617BC1545FD6A0030915F /* CCActionGrid.m */,
				0A0617BE1545FD6A0030915F /* CCActionGrid3D.h */,
				0A0617BF1545FD6A0030915F /* CCActionGrid3D.m */,
				0A0617C11545FD6A0030915F /* CCActionInstant.h */,
				0A0617C21545FD6A0030915F /* CCActionInstant.m */,
				0A0617C41545FD6A0030915F /* CCActionInterval.h */,
				0A0617C51545FD6A0030915F /* CCActionInterval.m */,
				0A0617C71545FD6A0030915F /* CCActionManager.h */,
				0A0617C81545FD6A0030915F /* CCActionManager.m */,
				0A0617CA1545FD6A0030915F /* CCActionPageTurn3D.h */,
				0A0617CB1545FD6A0030915F /* CCActionPageTurn3D.m */,
				0A0617CD1545FD6A0030915F /* CCActionProgressTimer.h */,
				0A0617CE1545FD6A0030915F /* CCActionProgressTimer.m */,
				0A0617D01545FD6A0030915F /* CCActionTiledGrid.h */,
				0A0617D11545FD6A0030915F /* CCActionTiledGrid.m */,
				0A0617D31545FD6A0030915F /* CCActionTween.h */,
				0A0617D41545FD6A0030915F /* CCActionTween.m */,
				0A0617D61545FD6A0030915F /* CCAnimation.h */,
				0A0617D71545FD6A0030915F /* CCAnimation.m */,
				0A0617D91545FD6A0030915F /* CCAnimationCache.h */,
				0A0617DA1545FD6A0030915F /* CCAnimationCache.m */,
				0A0617DC1545FD6A0030915F /* CCAtlasNode.h */,
				0A0617DD1545FD6A0030915F /* CCAtlasNode.m */,
				0A0617DF1545FD6A0030915F /* CCBlockSupport.h */,
				0A0617E01545FD6A0030915F /* CCBlockSupport.m */,
				0A0617E21545FD6A0030915F /* CCCamera.h */,
				0A0617E31545FD6A0030915F /* CCCamera.m */,
				0A0617E51545FD6A0030915F /* ccConfig.h */,
				0A0617E61545FD6A0030915F /* CCConfiguration.h */,
				0A0617E71545FD6A0030915F /* CCConfiguration.m */,
				0A0617E91545FD6A0030915F /* CCDirector.h */,
				0A0617EA1545FD6A0030915F /* CCDirector.m */,
				0A0617EC1545FD6A0030915F /* CCDrawingPrimitives.h */,
				0A0617ED1545FD6A0030915F /* CCDrawingPrimitives.m */,
				0A0617EF1545FD6A0030915F /* CCGrabber.h */,
				0A0617F01545FD6A0030915F /* CCGrabber.m */,
				0A0617F21545FD6A0030915F /* CCGrid.h */,
				0A0617F31545FD6A0030915F /* CCGrid.m */,
				0A0617F51545FD6A0030915F /* CCLabelAtlas.h */,
				0A0617F61545FD6A0030915F /* CCLabelAtlas.m */,
				0A0617F81545FD6A0030915F /* CCLabelBMFont.h */,
				0A0617F91545FD6A0030915F /* CCLabelBMFont.m */,
				0A0617FB1545FD6A0030915F /* CCLabelTTF.h */,
				0A0617FC1545FD6A0030915F /* CCLabelTTF.m */,
				0A0617FE1545FD6A0030915F /* CCLayer.h */,
				0A0617FF1545FD6A0030915F /* CCLayer.m */,
				0A0618011545FD6A0030915F /* ccMacros.h */,
				0A0618021545FD6A0030915F /* CCMenu.h */,
				0A0618031545FD6A0030915F /* CCMenu.m */,
				0A0618051545FD6A0030915F /* CCMenuItem.h */,
				0A0618061545FD6A0030915F /* CCMenuItem.m */,
				0A0618081545FD6A0030915F /* CCMotionStreak.h */,
				0A0618091545FD6A0030915F /* CCMotionStreak.m */,
				0A06180B1545FD6A0030915F /* CCNode.h */,
				0A06180C1545FD6A0030915F /* CCNode.m */,
				0A06180E1545FD6A0030915F /* CCParallaxNode.h */,
				0A06180F1545FD6A0030915F /* CCParallaxNode.m */,
				0A0618111545FD6A0030915F /* CCParticleExamples.h */,
				0A0618121545FD6A0030915F /* CCParticleExamples.m */,
				0A0618141545FD6B0030915F /* CCParticleSystem.h */,
				0A0618151545FD6B0030915F /* CCParticleSystem.m */,
				0A0618171545FD6B0030915F /* CCParticleSystemPoint.h */,
				0A0618181545FD6B0030915F /* CCParticleSystemPoint.m */,
				0A06181A1545FD6B0030915F /* CCParticleSystemQuad.h */,
				0A06181B1545FD6B0030915F /* CCParticleSystemQuad.m */,
				0A06181D1545FD6B0030915F /* CCProgressTimer.h */,
				0A06181E1545FD6B0030915F /* CCProgressTimer.m */,
				0A0618201545FD6B0030915F /* CCProtocols.h */,
				0A0618211545FD6B0030915F /* CCRenderTexture.h */,
				0A0618221545FD6B0030915F /* CCRenderTexture.m */,
				0A0618241545FD6B0030915F /* CCRibbon.h */,
				0A0618251545FD6B0030915F /* CCRibbon.m */,
				0A0618271545FD6B0030915F /* CCScene.h */,
				0A0618281545FD6B0030915F /* CCScene.m */,
				0A06182A1545FD6B0030915F /* CCScheduler.h */,
				0A06182B1545FD6B0030915F /* CCScheduler.m */,
				0A06182D1545FD6B0030915F /* CCSprite.h */,
				0A06182E1545FD6B0030915F /* CCSprite.m */,
				0A0618301545FD6B0030915F /* CCSpriteBatchNode.h */,
				0A0618311545FD6B0030915F /* CCSpriteBatchNode.m */,
				0A0618331545FD6B0030915F /* CCSpriteFrame.h */,
				0A0618341545FD6B0030915F /* CCSpriteFrame.m */,
				0A0618361545FD6B0030915F /* CCSpriteFrameCache.h */,
				0A0618371545FD6B0030915F /* CCSpriteFrameCache.m */,
				0A0618391545FD6B0030915F /* CCTexture2D.h */,
				0A06183A1545FD6B0030915F /* CCTexture2D.m */,
				0A06183C1545FD6B0030915F /* CCTextureAtlas.h */,
				0A06183D1545FD6B0030915F /* CCTextureAtlas.m */,
				0A06183F1545FD6B0030915F /* CCTextureCache.h */,
				0A0618401545FD6B0030915F /* CCTextureCache.m */,
				0A0618421545FD6B0030915F /* CCTexturePVR.h */,
				0A0618431545FD6B0030915F /* CCTexturePVR.m */,
				0A0618451545FD6B0030915F /* CCTileMapAtlas.h */,
				0A0618461545FD6B0030915F /* CCTileMapAtlas.m */,
				0A0618481545FD6B0030915F /* CCTMXLayer.h */,
				0A0618491545FD6B0030915F /* CCTMXLayer.m */,
				0A06184B1545FD6B0030915F /* CCTMXObjectGroup.h */,
				0A06184C1545FD6B0030915F /* CCTMXObjectGroup.m */,
				0A06184E1545FD6B0030915F /* CCTMXTiledMap.h */,
				0A06184F1545FD6B0030915F /* CCTMXTiledMap.m */,
				0A0618511545FD6B0030915F /* CCTMXXMLParser.h */,
				0A0618521545FD6B0030915F /* CCTMXXMLParser.m */,
				0A0618541545FD6B0030915F /* CCTransition.h */,
				0A0618551545FD6B0030915F /* CCTransition.m */,
				0A0618571545FD6B0030915F /* CCTransitionPageTurn.h */,
				0A0618581545FD6B0030915F /* CCTransitionPageTurn.m */,
				0A06185A1545FD6B0030915F /* CCTransitionRadial.h */,
				0A06185B1545FD6B0030915F /* CCTransitionRadial.m */,
				0A06185D1545FD6B0030915F /* ccTypes.h */,
				0A06185E1545FD6B0030915F /* cocos2d.h */,
				0A06185F1545FD6B0030915F /* cocos2d.m */,
				0A0618611545FD6B0030915F /* Platforms */,
				0A0618861545FD6C0030915F /* Support */,
			);
			name = cocos2d;
			sourceTree = "<group>";
		};
		0A0618611545FD6B0030915F /* Platforms */ = {
			isa = PBXGroup;
			children = (
				0A0618621545FD6B0030915F /* CCGL.h */,
				0A0618631545FD6B0030915F /* CCNS.h */,
				0A0618641545FD6B0030915F /* iOS */,
				0A0618791545FD6B0030915F /* Mac */,
			);
			name = Platforms;
			sourceTree = "<group>";
		};
		0A0618641545FD6B0030915F /* iOS */ = {
			isa = PBXGroup;
			children = (
				0A0618651545FD6B0030915F /* CCDirectorIOS.h */,
				0A0618661545FD6B0030915F /* CCDirectorIOS.m */,
				0A0618681545FD6B0030915F /* CCTouchDelegateProtocol.h */,
				0A0618691545FD6B0030915F /* CCTouchDispatcher.h */,
				0A06186A1545FD6B0030915F /* CCTouchDispatcher.m */,
				0A06186C1545FD6B0030915F /* CCTouchHandler.h */,
				0A06186D1545FD6B0030915F /* CCTouchHandler.m */,
				0A06186F1545FD6B0030915F /* EAGLView.h */,
				0A0618701545FD6B0030915F /* EAGLView.m */,
				0A0618721545FD6B0030915F /* ES1Renderer.h */,
				0A0618731545FD6B0030915F /* ES1Renderer.m */,
				0A0618751545FD6B0030915F /* ESRenderer.h */,
				0A0618761545FD6B0030915F /* glu.c */,
				0A0618781545FD6B0030915F /* glu.h */,
			);
			name = iOS;
			sourceTree = "<group>";
		};
		0A0618791545FD6B0030915F /* Mac */ = {
			isa = PBXGroup;
			children = (
				0A06187A1545FD6B0030915F /* CCDirectorMac.h */,
				0A06187B1545FD6C0030915F /* CCDirectorMac.m */,
				0A06187D1545FD6C0030915F /* CCEventDispatcher.h */,
				0A06187E1545FD6C0030915F /* CCEventDispatcher.m */,
				0A0618801545FD6C0030915F /* MacGLView.h */,
				0A0618811545FD6C0030915F /* MacGLView.m */,
				0A0618831545FD6C0030915F /* MacWindow.h */,
				0A0618841545FD6C0030915F /* MacWindow.m */,
			);
			name = Mac;
			sourceTree = "<group>";
		};
		0A0618861545FD6C0030915F /* Support */ = {
			isa = PBXGroup;
			children = (
				0A0618871545FD6C0030915F /* base64.c */,
				0A0618891545FD6C0030915F /* base64.h */,
				0A06188A1545FD6C0030915F /* CCArray.h */,
				0A06188B1545FD6C0030915F /* CCArray.m */,
				0A06188D1545FD6C0030915F /* ccCArray.h */,
				0A06188E1545FD6C0030915F /* CCFileUtils.h */,
				0A06188F1545FD6C0030915F /* CCFileUtils.m */,
				0A0618911545FD6C0030915F /* CCProfiling.h */,
				0A0618921545FD6C0030915F /* CCProfiling.m */,
				0A0618941545FD6C0030915F /* ccUtils.c */,
				0A0618961545FD6C0030915F /* ccUtils.h */,
				0A0618971545FD6C0030915F /* CGPointExtension.h */,
				0A0618981545FD6C0030915F /* CGPointExtension.m */,
				0A06189A1545FD6C0030915F /* OpenGL_Internal.h */,
				0A06189B1545FD6C0030915F /* TGAlib.h */,
				0A06189C1545FD6C0030915F /* TGAlib.m */,
				0A06189E1545FD6C0030915F /* TransformUtils.h */,
				0A06189F1545FD6C0030915F /* TransformUtils.m */,
				0A0618A11545FD6C0030915F /* uthash.h */,
				0A0618A21545FD6C0030915F /* utlist.h */,
				0A0618A31545FD6C0030915F /* ZipUtils.h */,
				0A0618A41545FD6C0030915F /* ZipUtils.m */,
			);
			name = Support;
			sourceTree = "<group>";
		};
		0A0618A71545FD6C0030915F /* CocosDenshion */ = {
			isa = PBXGroup;
			children = (
				0A0618A81545FD6C0030915F /* CDAudioManager.h */,
				0A0618A91545FD6C0030915F /* CDAudioManager.m */,
				0A0618AB1545FD6C0030915F /* CDConfig.h */,
				0A0618AC1545FD6C0030915F /* CDOpenALSupport.h */,
				0A0618AD1545FD6C0030915F /* CDOpenALSupport.m */,
				0A0618AF1545FD6C0030915F /* CocosDenshion.h */,
				0A0618B01545FD6C0030915F /* CocosDenshion.m */,
				0A0618B21545FD6C0030915F /* SimpleAudioEngine.h */,
				0A0618B31545FD6C0030915F /* SimpleAudioEngine.m */,
			);
			name = CocosDenshion;
			sourceTree = "<group>";
		};
		0A0618B61545FD6C0030915F /* cocoslive */ = {
			isa = PBXGroup;
			children = (
				0A0618B71545FD6C0030915F /* CLScoreServerPost.h */,
				0A0618B81545FD6C0030915F /* CLScoreServerPost.m */,
				0A0618BA1545FD6C0030915F /* CLScoreServerRequest.h */,
				0A0618BB1545FD6C0030915F /* CLScoreServerRequest.m */,
				0A0618BD1545FD6C0030915F /* cocoslive.h */,
				0A0618BE1545FD6C0030915F /* cocoslive.m */,
			);
			name = cocoslive;
			sourceTree = "<group>";
		};
		0A0618C11545FD6C0030915F /* TouchJSON */ = {
			isa = PBXGroup;
			children = (
				0A0618C21545FD6C0030915F /* CDataScanner.h */,
				0A0618C31545FD6C0030915F /* CDataScanner.m */,
				0A0618C51545FD6C0030915F /* Extensions */,
				0A0618CC1545FD6C0030915F /* JSON */,
			);
			name = TouchJSON;
			sourceTree = "<group>";
		};
		0A0618C51545FD6C0030915F /* Extensions */ = {
			isa = PBXGroup;
			children = (
				0A0618C61545FD6C0030915F /* CDataScanner_Extensions.h */,
				0A0618C71545FD6C0030915F /* CDataScanner_Extensions.m */,
				0A0618C91545FD6C0030915F /* NSDictionary_JSONExtensions.h */,
				0A0618CA1545FD6C0030915F /* NSDictionary_JSONExtensions.m */,
			);
			name = Extensions;
			sourceTree = "<group>";
		};
		0A0618CC1545FD6C0030915F /* JSON */ = {
			isa = PBXGroup;
			children = (
				0A0618CD1545FD6C0030915F /* CJSONDeserializer.h */,
				0A0618CE1545FD6C0030915F /* CJSONDeserializer.m */,
				0A0618D01545FD6C0030915F /* CJSONScanner.h */,
				0A0618D11545FD6C0030915F /* CJSONScanner.m */,
				0A0618D31545FD6C0030915F /* CJSONSerializer.h */,
				0A0618D41545FD6C0030915F /* CJSONSerializer.m */,
				0A0618D61545FD6C0030915F /* JSONRepresentation.h */,
			);
			name = JSON;
			sourceTree = "<group>";
		};
		0A0618D71545FD6C0030915F /* FontLabel */ = {
			isa = PBXGroup;
			children = (
				0A0618D81545FD6C0030915F /* FontLabel.h */,
				0A0618D91545FD6C0030915F /* FontLabel.m */,
				0A0618DB1545FD6C0030915F /* FontLabelStringDrawing.h */,
				0A0618DC1545FD6C0030915F /* FontLabelStringDrawing.m */,
				0A0618DE1545FD6C0030915F /* FontManager.h */,
				0A0618DF1545FD6C0030915F /* FontManager.m */,
				0A0618E11545FD6D0030915F /* ZAttributedString.h */,
				0A0618E21545FD6D0030915F /* ZAttributedString.m */,
				0A0618E41545FD6D0030915F /* ZAttributedStringPrivate.h */,
				0A0618E51545FD6D0030915F /* ZFont.h */,
				0A0618E61545FD6D0030915F /* ZFont.m */,
			);
			name = FontLabel;
			sourceTree = "<group>";
		};
		0A0618E91545FD6D0030915F /* Supporting Files */ = {
			isa = PBXGroup;
			children = (
				0A0618EA1545FD6D0030915F /* Prefix.pch */,
				0A0618EB1545FD6D0030915F /* main.m */,
			);
			name = "Supporting Files";
			sourceTree = "<group>";
		};
		0A243D14155AF61A0003E8AB /* sprites */ = {
			isa = PBXGroup;
			children = (
				0A243D1F155B09250003E8AB /* paddle.png */,
				0A243D17155AF8FE0003E8AB /* block2.png */,
				0A243D15155AF8930003E8AB /* block1.png */,
			);
			name = sprites;
			sourceTree = "<group>";
		};
/* End PBXGroup section */

/* Begin PBXNativeTarget section */
		0A0617861545FD690030915F /* Ponkanoid */ = {
			isa = PBXNativeTarget;
			buildConfigurationList = 0A0618F91545FD6D0030915F /* Build configuration list for PBXNativeTarget "Ponkanoid" */;
			buildPhases = (
				0A0617831545FD690030915F /* Sources */,
				0A0617841545FD690030915F /* Frameworks */,
				0A0617851545FD690030915F /* Resources */,
			);
			buildRules = (
			);
			dependencies = (
			);
			name = Ponkanoid;
			productName = Ponkanoid;
			productReference = 0A0617871545FD690030915F /* Ponkanoid.app */;
			productType = "com.apple.product-type.application";
		};
/* End PBXNativeTarget section */

/* Begin PBXProject section */
		0A06177E1545FD690030915F /* Project object */ = {
			isa = PBXProject;
			attributes = {
				LastUpgradeCheck = 0430;
			};
			buildConfigurationList = 0A0617811545FD690030915F /* Build configuration list for PBXProject "Ponkanoid" */;
			compatibilityVersion = "Xcode 3.2";
			developmentRegion = English;
			hasScannedForEncodings = 0;
			knownRegions = (
				en,
			);
			mainGroup = 0A06177C1545FD690030915F;
			productRefGroup = 0A0617881545FD690030915F /* Products */;
			projectDirPath = "";
			projectRoot = "";
			targets = (
				0A0617861545FD690030915F /* Ponkanoid */,
			);
		};
/* End PBXProject section */

/* Begin PBXResourcesBuildPhase section */
		0A0617851545FD690030915F /* Resources */ = {
			isa = PBXResourcesBuildPhase;
			buildActionMask = 2147483647;
			files = (
				0A06179E1545FD690030915F /* Default.png in Resources */,
				0A0617A01545FD690030915F /* fps_images.png in Resources */,
				0A0617A21545FD690030915F /* Icon-72.png in Resources */,
				0A0617A41545FD690030915F /* Icon-Small-50.png in Resources */,
				0A0617A61545FD690030915F /* Icon-Small.png in Resources */,
				0A0617A81545FD690030915F /* Icon-Small@2x.png in Resources */,
				0A0617AA1545FD690030915F /* Icon.png in Resources */,
				0A0617AC1545FD690030915F /* Icon@2x.png in Resources */,
				0A0617AF1545FD690030915F /* iTunesArtwork in Resources */,
				0A243D16155AF8930003E8AB /* block1.png in Resources */,
				0A243D18155AF8FE0003E8AB /* block2.png in Resources */,
				0A243D20155B09250003E8AB /* paddle.png in Resources */,
			);
			runOnlyForDeploymentPostprocessing = 0;
		};
/* End PBXResourcesBuildPhase section */

/* Begin PBXSourcesBuildPhase section */
		0A0617831545FD690030915F /* Sources */ = {
			isa = PBXSourcesBuildPhase;
			buildActionMask = 2147483647;
			files = (
				0A0617B41545FD690030915F /* CCAction.m in Sources */,
				0A0617B71545FD6A0030915F /* CCActionCamera.m in Sources */,
				0A0617BA1545FD6A0030915F /* CCActionEase.m in Sources */,
				0A0617BD1545FD6A0030915F /* CCActionGrid.m in Sources */,
				0A0617C01545FD6A0030915F /* CCActionGrid3D.m in Sources */,
				0A0617C31545FD6A0030915F /* CCActionInstant.m in Sources */,
				0A0617C61545FD6A0030915F /* CCActionInterval.m in Sources */,
				0A0617C91545FD6A0030915F /* CCActionManager.m in Sources */,
				0A0617CC1545FD6A0030915F /* CCActionPageTurn3D.m in Sources */,
				0A0617CF1545FD6A0030915F /* CCActionProgressTimer.m in Sources */,
				0A0617D21545FD6A0030915F /* CCActionTiledGrid.m in Sources */,
				0A0617D51545FD6A0030915F /* CCActionTween.m in Sources */,
				0A0617D81545FD6A0030915F /* CCAnimation.m in Sources */,
				0A0617DB1545FD6A0030915F /* CCAnimationCache.m in Sources */,
				0A0617DE1545FD6A0030915F /* CCAtlasNode.m in Sources */,
				0A0617E11545FD6A0030915F /* CCBlockSupport.m in Sources */,
				0A0617E41545FD6A0030915F /* CCCamera.m in Sources */,
				0A0617E81545FD6A0030915F /* CCConfiguration.m in Sources */,
				0A0617EB1545FD6A0030915F /* CCDirector.m in Sources */,
				0A0617EE1545FD6A0030915F /* CCDrawingPrimitives.m in Sources */,
				0A0617F11545FD6A0030915F /* CCGrabber.m in Sources */,
				0A0617F41545FD6A0030915F /* CCGrid.m in Sources */,
				0A0617F71545FD6A0030915F /* CCLabelAtlas.m in Sources */,
				0A0617FA1545FD6A0030915F /* CCLabelBMFont.m in Sources */,
				0A0617FD1545FD6A0030915F /* CCLabelTTF.m in Sources */,
				0A0618001545FD6A0030915F /* CCLayer.m in Sources */,
				0A0618041545FD6A0030915F /* CCMenu.m in Sources */,
				0A0618071545FD6A0030915F /* CCMenuItem.m in Sources */,
				0A06180A1545FD6A0030915F /* CCMotionStreak.m in Sources */,
				0A06180D1545FD6A0030915F /* CCNode.m in Sources */,
				0A0618101545FD6A0030915F /* CCParallaxNode.m in Sources */,
				0A0618131545FD6A0030915F /* CCParticleExamples.m in Sources */,
				0A0618161545FD6B0030915F /* CCParticleSystem.m in Sources */,
				0A0618191545FD6B0030915F /* CCParticleSystemPoint.m in Sources */,
				0A06181C1545FD6B0030915F /* CCParticleSystemQuad.m in Sources */,
				0A06181F1545FD6B0030915F /* CCProgressTimer.m in Sources */,
				0A0618231545FD6B0030915F /* CCRenderTexture.m in Sources */,
				0A0618261545FD6B0030915F /* CCRibbon.m in Sources */,
				0A0618291545FD6B0030915F /* CCScene.m in Sources */,
				0A06182C1545FD6B0030915F /* CCScheduler.m in Sources */,
				0A06182F1545FD6B0030915F /* CCSprite.m in Sources */,
				0A0618321545FD6B0030915F /* CCSpriteBatchNode.m in Sources */,
				0A0618351545FD6B0030915F /* CCSpriteFrame.m in Sources */,
				0A0618381545FD6B0030915F /* CCSpriteFrameCache.m in Sources */,
				0A06183B1545FD6B0030915F /* CCTexture2D.m in Sources */,
				0A06183E1545FD6B0030915F /* CCTextureAtlas.m in Sources */,
				0A0618411545FD6B0030915F /* CCTextureCache.m in Sources */,
				0A0618441545FD6B0030915F /* CCTexturePVR.m in Sources */,
				0A0618471545FD6B0030915F /* CCTileMapAtlas.m in Sources */,
				0A06184A1545FD6B0030915F /* CCTMXLayer.m in Sources */,
				0A06184D1545FD6B0030915F /* CCTMXObjectGroup.m in Sources */,
				0A0618501545FD6B0030915F /* CCTMXTiledMap.m in Sources */,
				0A0618531545FD6B0030915F /* CCTMXXMLParser.m in Sources */,
				0A0618561545FD6B0030915F /* CCTransition.m in Sources */,
				0A0618591545FD6B0030915F /* CCTransitionPageTurn.m in Sources */,
				0A06185C1545FD6B0030915F /* CCTransitionRadial.m in Sources */,
				0A0618601545FD6B0030915F /* cocos2d.m in Sources */,
				0A0618671545FD6B0030915F /* CCDirectorIOS.m in Sources */,
				0A06186B1545FD6B0030915F /* CCTouchDispatcher.m in Sources */,
				0A06186E1545FD6B0030915F /* CCTouchHandler.m in Sources */,
				0A0618711545FD6B0030915F /* EAGLView.m in Sources */,
				0A0618741545FD6B0030915F /* ES1Renderer.m in Sources */,
				0A0618771545FD6B0030915F /* glu.c in Sources */,
				0A06187C1545FD6C0030915F /* CCDirectorMac.m in Sources */,
				0A06187F1545FD6C0030915F /* CCEventDispatcher.m in Sources */,
				0A0618821545FD6C0030915F /* MacGLView.m in Sources */,
				0A0618851545FD6C0030915F /* MacWindow.m in Sources */,
				0A0618881545FD6C0030915F /* base64.c in Sources */,
				0A06188C1545FD6C0030915F /* CCArray.m in Sources */,
				0A0618901545FD6C0030915F /* CCFileUtils.m in Sources */,
				0A0618931545FD6C0030915F /* CCProfiling.m in Sources */,
				0A0618951545FD6C0030915F /* ccUtils.c in Sources */,
				0A0618991545FD6C0030915F /* CGPointExtension.m in Sources */,
				0A06189D1545FD6C0030915F /* TGAlib.m in Sources */,
				0A0618A01545FD6C0030915F /* TransformUtils.m in Sources */,
				0A0618A51545FD6C0030915F /* ZipUtils.m in Sources */,
				0A0618AA1545FD6C0030915F /* CDAudioManager.m in Sources */,
				0A0618AE1545FD6C0030915F /* CDOpenALSupport.m in Sources */,
				0A0618B11545FD6C0030915F /* CocosDenshion.m in Sources */,
				0A0618B41545FD6C0030915F /* SimpleAudioEngine.m in Sources */,
				0A0618B91545FD6C0030915F /* CLScoreServerPost.m in Sources */,
				0A0618BC1545FD6C0030915F /* CLScoreServerRequest.m in Sources */,
				0A0618BF1545FD6C0030915F /* cocoslive.m in Sources */,
				0A0618C41545FD6C0030915F /* CDataScanner.m in Sources */,
				0A0618C81545FD6C0030915F /* CDataScanner_Extensions.m in Sources */,
				0A0618CB1545FD6C0030915F /* NSDictionary_JSONExtensions.m in Sources */,
				0A0618CF1545FD6C0030915F /* CJSONDeserializer.m in Sources */,
				0A0618D21545FD6C0030915F /* CJSONScanner.m in Sources */,
				0A0618D51545FD6C0030915F /* CJSONSerializer.m in Sources */,
				0A0618DA1545FD6C0030915F /* FontLabel.m in Sources */,
				0A0618DD1545FD6C0030915F /* FontLabelStringDrawing.m in Sources */,
				0A0618E01545FD6C0030915F /* FontManager.m in Sources */,
				0A0618E31545FD6D0030915F /* ZAttributedString.m in Sources */,
				0A0618E71545FD6D0030915F /* ZFont.m in Sources */,
				0A0618EC1545FD6D0030915F /* main.m in Sources */,
				0A0618EF1545FD6D0030915F /* AppDelegate.m in Sources */,
				0A0618F21545FD6D0030915F /* RootViewController.m in Sources */,
				0A0618F51545FD6D0030915F /* HelloWorldLayer.m in Sources */,
			);
			runOnlyForDeploymentPostprocessing = 0;
		};
/* End PBXSourcesBuildPhase section */

/* Begin XCBuildConfiguration section */
		0A0618F71545FD6D0030915F /* Debug */ = {
			isa = XCBuildConfiguration;
			buildSettings = {
				ARCHS = "$(ARCHS_STANDARD_32_BIT)";
				CODE_SIGN_IDENTITY = "iPhone Developer: kevin Bruin (A589DX283G)";
				"CODE_SIGN_IDENTITY[sdk=iphoneos*]" = "iPhone Developer";
				GCC_C_LANGUAGE_STANDARD = gnu99;
				GCC_OPTIMIZATION_LEVEL = 0;
				GCC_PREPROCESSOR_DEFINITIONS = (
					DEBUG,
					"COCOS2D_DEBUG=1",
				);
				GCC_SYMBOLS_PRIVATE_EXTERN = NO;
				GCC_VERSION = com.apple.compilers.llvmgcc42;
				GCC_WARN_ABOUT_RETURN_TYPE = YES;
				GCC_WARN_UNUSED_VARIABLE = YES;
				IPHONEOS_DEPLOYMENT_TARGET = 5.1;
				PROVISIONING_PROFILE = "6FB92D66-BD36-436C-BFB5-E61CEEF3E6E4";
				SDKROOT = iphoneos5.1;
			};
			name = Debug;
		};
		0A0618F81545FD6D0030915F /* Release */ = {
			isa = XCBuildConfiguration;
			buildSettings = {
				ARCHS = "$(ARCHS_STANDARD_32_BIT)";
				CODE_SIGN_IDENTITY = "iPhone Developer: kevin Bruin (A589DX283G)";
				"CODE_SIGN_IDENTITY[sdk=iphoneos*]" = "iPhone Developer";
				GCC_C_LANGUAGE_STANDARD = gnu99;
				GCC_PREPROCESSOR_DEFINITIONS = NDEBUG;
				GCC_VERSION = com.apple.compilers.llvmgcc42;
				GCC_WARN_ABOUT_RETURN_TYPE = YES;
				GCC_WARN_UNUSED_VARIABLE = YES;
				IPHONEOS_DEPLOYMENT_TARGET = 5.1;
				OTHER_CFLAGS = "-DNS_BLOCK_ASSERTIONS=1";
				PROVISIONING_PROFILE = "6FB92D66-BD36-436C-BFB5-E61CEEF3E6E4";
				SDKROOT = iphoneos5.1;
			};
			name = Release;
		};
		0A0618FA1545FD6D0030915F /* Debug */ = {
			isa = XCBuildConfiguration;
			buildSettings = {
				ALWAYS_SEARCH_USER_PATHS = NO;
				CODE_SIGN_IDENTITY = "iPhone Developer: kevin Bruin (A589DX283G)";
				COPY_PHASE_STRIP = NO;
				GCC_DYNAMIC_NO_PIC = NO;
				GCC_PRECOMPILE_PREFIX_HEADER = YES;
				GCC_PREFIX_HEADER = Ponkanoid/Prefix.pch;
				"GCC_THUMB_SUPPORT[arch=armv6]" = "";
				GCC_VERSION = com.apple.compilers.llvm.clang.1_0;
				INFOPLIST_FILE = Ponkanoid/Resources/Info.plist;
				IPHONEOS_DEPLOYMENT_TARGET = 5.1;
				OTHER_LDFLAGS = "-lz";
				PRODUCT_NAME = "$(TARGET_NAME)";
				PROVISIONING_PROFILE = "BCB7A4C5-8FFA-4575-AD7A-C11054FB4662";
				TARGETED_DEVICE_FAMILY = 2;
				WRAPPER_EXTENSION = app;
			};
			name = Debug;
		};
		0A0618FB1545FD6D0030915F /* Release */ = {
			isa = XCBuildConfiguration;
			buildSettings = {
				ALWAYS_SEARCH_USER_PATHS = NO;
				CODE_SIGN_IDENTITY = "iPhone Developer: kevin Bruin (A589DX283G)";
				COPY_PHASE_STRIP = YES;
				GCC_PRECOMPILE_PREFIX_HEADER = YES;
				GCC_PREFIX_HEADER = Ponkanoid/Prefix.pch;
				"GCC_THUMB_SUPPORT[arch=armv6]" = "";
				GCC_VERSION = com.apple.compilers.llvm.clang.1_0;
				INFOPLIST_FILE = Ponkanoid/Resources/Info.plist;
				IPHONEOS_DEPLOYMENT_TARGET = 5.1;
				OTHER_LDFLAGS = "-lz";
				PRODUCT_NAME = "$(TARGET_NAME)";
				PROVISIONING_PROFILE = "BCB7A4C5-8FFA-4575-AD7A-C11054FB4662";
				TARGETED_DEVICE_FAMILY = 2;
				VALIDATE_PRODUCT = YES;
				WRAPPER_EXTENSION = app;
			};
			name = Release;
		};
/* End XCBuildConfiguration section */

/* Begin XCConfigurationList section */
		0A0617811545FD690030915F /* Build configuration list for PBXProject "Ponkanoid" */ = {
			isa = XCConfigurationList;
			buildConfigurations = (
				0A0618F71545FD6D0030915F /* Debug */,
				0A0618F81545FD6D0030915F /* Release */,
			);
			defaultConfigurationIsVisible = 0;
			defaultConfigurationName = Release;
		};
		0A0618F91545FD6D0030915F /* Build configuration list for PBXNativeTarget "Ponkanoid" */ = {
			isa = XCConfigurationList;
			buildConfigurations = (
				0A0618FA1545FD6D0030915F /* Debug */,
				0A0618FB1545FD6D0030915F /* Release */,
			);
			defaultConfigurationIsVisible = 0;
			defaultConfigurationName = Release;
		};
/* End XCConfigurationList section */
	};
	rootObject = 0A06177E1545FD690030915F /* Project object */;
}
